// !$*UTF8*$!
{
	archiveVersion = 1;
	classes = {
	};
	objectVersion = 46;
	objects = {

/* Begin PBXBuildFile section */
		995B17AA1CB7BF2000B31433 /* main.m in Sources */ = {isa = PBXBuildFile; fileRef = 995B17A91CB7BF2000B31433 /* main.m */; };
		995B17AD1CB7BF2000B31433 /* AppDelegate.m in Sources */ = {isa = PBXBuildFile; fileRef = 995B17AC1CB7BF2000B31433 /* AppDelegate.m */; };
		995B17B01CB7BF2000B31433 /* ViewController.m in Sources */ = {isa = PBXBuildFile; fileRef = 995B17AF1CB7BF2000B31433 /* ViewController.m */; };
		995B17B31CB7BF2000B31433 /* Main.storyboard in Resources */ = {isa = PBXBuildFile; fileRef = 995B17B11CB7BF2000B31433 /* Main.storyboard */; };
		995B17B51CB7BF2000B31433 /* Assets.xcassets in Resources */ = {isa = PBXBuildFile; fileRef = 995B17B41CB7BF2000B31433 /* Assets.xcassets */; };
		995B17B81CB7BF2000B31433 /* LaunchScreen.storyboard in Resources */ = {isa = PBXBuildFile; fileRef = 995B17B61CB7BF2000B31433 /* LaunchScreen.storyboard */; };
		995B17C31CB7BF2000B31433 /* Bai_4Tests.m in Sources */ = {isa = PBXBuildFile; fileRef = 995B17C21CB7BF2000B31433 /* Bai_4Tests.m */; };
		995B17CE1CB7BF2000B31433 /* Bai_4UITests.m in Sources */ = {isa = PBXBuildFile; fileRef = 995B17CD1CB7BF2000B31433 /* Bai_4UITests.m */; };
		995B17DD1CB7C4F500B31433 /* LoginViewController.m in Sources */ = {isa = PBXBuildFile; fileRef = 995B17DC1CB7C4F500B31433 /* LoginViewController.m */; };
		995B17E11CB7C7AA00B31433 /* RegisterViewController.m in Sources */ = {isa = PBXBuildFile; fileRef = 995B17E01CB7C7AA00B31433 /* RegisterViewController.m */; };
		995B17E41CB7D61C00B31433 /* ForgetPasswordViewController.m in Sources */ = {isa = PBXBuildFile; fileRef = 995B17E31CB7D61C00B31433 /* ForgetPasswordViewController.m */; };
		995B17EA1CB7D90000B31433 /* TabBarViewController.m in Sources */ = {isa = PBXBuildFile; fileRef = 995B17E91CB7D90000B31433 /* TabBarViewController.m */; };
/* End PBXBuildFile section */

/* Begin PBXContainerItemProxy section */
		995B17BF1CB7BF2000B31433 /* PBXContainerItemProxy */ = {
			isa = PBXContainerItemProxy;
			containerPortal = 995B179D1CB7BF2000B31433 /* Project object */;
			proxyType = 1;
			remoteGlobalIDString = 995B17A41CB7BF2000B31433;
			remoteInfo = "Bai 4";
		};
		995B17CA1CB7BF2000B31433 /* PBXContainerItemProxy */ = {
			isa = PBXContainerItemProxy;
			containerPortal = 995B179D1CB7BF2000B31433 /* Project object */;
			proxyType = 1;
			remoteGlobalIDString = 995B17A41CB7BF2000B31433;
			remoteInfo = "Bai 4";
		};
/* End PBXContainerItemProxy section */

/* Begin PBXFileReference section */
		995B17A51CB7BF2000B31433 /* Bai 4.app */ = {isa = PBXFileReference; explicitFileType = wrapper.application; includeInIndex = 0; path = "Bai 4.app"; sourceTree = BUILT_PRODUCTS_DIR; };
		995B17A91CB7BF2000B31433 /* main.m */ = {isa = PBXFileReference; lastKnownFileType = sourcecode.c.objc; path = main.m; sourceTree = "<group>"; };
		995B17AB1CB7BF2000B31433 /* AppDelegate.h */ = {isa = PBXFileReference; lastKnownFileType = sourcecode.c.h; path = AppDelegate.h; sourceTree = "<group>"; };
		995B17AC1CB7BF2000B31433 /* AppDelegate.m */ = {isa = PBXFileReference; lastKnownFileType = sourcecode.c.objc; path = AppDelegate.m; sourceTree = "<group>"; };
		995B17AE1CB7BF2000B31433 /* ViewController.h */ = {isa = PBXFileReference; lastKnownFileType = sourcecode.c.h; path = ViewController.h; sourceTree = "<group>"; };
		995B17AF1CB7BF2000B31433 /* ViewController.m */ = {isa = PBXFileReference; lastKnownFileType = sourcecode.c.objc; path = ViewController.m; sourceTree = "<group>"; };
		995B17B21CB7BF2000B31433 /* Base */ = {isa = PBXFileReference; lastKnownFileType = file.storyboard; name = Base; path = Base.lproj/Main.storyboard; sourceTree = "<group>"; };
		995B17B41CB7BF2000B31433 /* Assets.xcassets */ = {isa = PBXFileReference; lastKnownFileType = folder.assetcatalog; path = Assets.xcassets; sourceTree = "<group>"; };
		995B17B71CB7BF2000B31433 /* Base */ = {isa = PBXFileReference; lastKnownFileType = file.storyboard; name = Base; path = Base.lproj/LaunchScreen.storyboard; sourceTree = "<group>"; };
		995B17B91CB7BF2000B31433 /* Info.plist */ = {isa = PBXFileReference; lastKnownFileType = text.plist.xml; path = Info.plist; sourceTree = "<group>"; };
		995B17BE1CB7BF2000B31433 /* Bai 4Tests.xctest */ = {isa = PBXFileReference; explicitFileType = wrapper.cfbundle; includeInIndex = 0; path = "Bai 4Tests.xctest"; sourceTree = BUILT_PRODUCTS_DIR; };
		995B17C21CB7BF2000B31433 /* Bai_4Tests.m */ = {isa = PBXFileReference; lastKnownFileType = sourcecode.c.objc; path = Bai_4Tests.m; sourceTree = "<group>"; };
		995B17C41CB7BF2000B31433 /* Info.plist */ = {isa = PBXFileReference; lastKnownFileType = text.plist.xml; path = Info.plist; sourceTree = "<group>"; };
		995B17C91CB7BF2000B31433 /* Bai 4UITests.xctest */ = {isa = PBXFileReference; explicitFileType = wrapper.cfbundle; includeInIndex = 0; path = "Bai 4UITests.xctest"; sourceTree = BUILT_PRODUCTS_DIR; };
		995B17CD1CB7BF2000B31433 /* Bai_4UITests.m */ = {isa = PBXFileReference; lastKnownFileType = sourcecode.c.objc; path = Bai_4UITests.m; sourceTree = "<group>"; };
		995B17CF1CB7BF2100B31433 /* Info.plist */ = {isa = PBXFileReference; lastKnownFileType = text.plist.xml; path = Info.plist; sourceTree = "<group>"; };
		995B17DB1CB7C4F500B31433 /* LoginViewController.h */ = {isa = PBXFileReference; fileEncoding = 4; lastKnownFileType = sourcecode.c.h; path = LoginViewController.h; sourceTree = "<group>"; };
		995B17DC1CB7C4F500B31433 /* LoginViewController.m */ = {isa = PBXFileReference; fileEncoding = 4; lastKnownFileType = sourcecode.c.objc; path = LoginViewController.m; sourceTree = "<group>"; };
		995B17DF1CB7C7AA00B31433 /* RegisterViewController.h */ = {isa = PBXFileReference; fileEncoding = 4; lastKnownFileType = sourcecode.c.h; path = RegisterViewController.h; sourceTree = "<group>"; };
		995B17E01CB7C7AA00B31433 /* RegisterViewController.m */ = {isa = PBXFileReference; fileEncoding = 4; lastKnownFileType = sourcecode.c.objc; path = RegisterViewController.m; sourceTree = "<group>"; };
		995B17E21CB7D61C00B31433 /* ForgetPasswordViewController.h */ = {isa = PBXFileReference; fileEncoding = 4; lastKnownFileType = sourcecode.c.h; path = ForgetPasswordViewController.h; sourceTree = "<group>"; };
		995B17E31CB7D61C00B31433 /* ForgetPasswordViewController.m */ = {isa = PBXFileReference; fileEncoding = 4; lastKnownFileType = sourcecode.c.objc; path = ForgetPasswordViewController.m; sourceTree = "<group>"; };
		995B17E81CB7D90000B31433 /* TabBarViewController.h */ = {isa = PBXFileReference; fileEncoding = 4; lastKnownFileType = sourcecode.c.h; path = TabBarViewController.h; sourceTree = "<group>"; };
		995B17E91CB7D90000B31433 /* TabBarViewController.m */ = {isa = PBXFileReference; fileEncoding = 4; lastKnownFileType = sourcecode.c.objc; path = TabBarViewController.m; sourceTree = "<group>"; };
/* End PBXFileReference section */

/* Begin PBXFrameworksBuildPhase section */
		995B17A21CB7BF2000B31433 /* Frameworks */ = {
			isa = PBXFrameworksBuildPhase;
			buildActionMask = 2147483647;
			files = (
			);
			runOnlyForDeploymentPostprocessing = 0;
		};
		995B17BB1CB7BF2000B31433 /* Frameworks */ = {
			isa = PBXFrameworksBuildPhase;
			buildActionMask = 2147483647;
			files = (
			);
			runOnlyForDeploymentPostprocessing = 0;
		};
		995B17C61CB7BF2000B31433 /* Frameworks */ = {
			isa = PBXFrameworksBuildPhase;
			buildActionMask = 2147483647;
			files = (
			);
			runOnlyForDeploymentPostprocessing = 0;
		};
/* End PBXFrameworksBuildPhase section */

/* Begin PBXGroup section */
		995B179C1CB7BF2000B31433 = {
			isa = PBXGroup;
			children = (
				995B17A71CB7BF2000B31433 /* Bai 4 */,
				995B17C11CB7BF2000B31433 /* Bai 4Tests */,
				995B17CC1CB7BF2000B31433 /* Bai 4UITests */,
				995B17A61CB7BF2000B31433 /* Products */,
			);
			sourceTree = "<group>";
		};
		995B17A61CB7BF2000B31433 /* Products */ = {
			isa = PBXGroup;
			children = (
				995B17A51CB7BF2000B31433 /* Bai 4.app */,
				995B17BE1CB7BF2000B31433 /* Bai 4Tests.xctest */,
				995B17C91CB7BF2000B31433 /* Bai 4UITests.xctest */,
			);
			name = Products;
			sourceTree = "<group>";
		};
		995B17A71CB7BF2000B31433 /* Bai 4 */ = {
			isa = PBXGroup;
			children = (
				995B17DE1CB7C50500B31433 /* Login */,
				995B17AB1CB7BF2000B31433 /* AppDelegate.h */,
				995B17AC1CB7BF2000B31433 /* AppDelegate.m */,
				995B17AE1CB7BF2000B31433 /* ViewController.h */,
				995B17AF1CB7BF2000B31433 /* ViewController.m */,
				995B17B11CB7BF2000B31433 /* Main.storyboard */,
				995B17B41CB7BF2000B31433 /* Assets.xcassets */,
				995B17B61CB7BF2000B31433 /* LaunchScreen.storyboard */,
				995B17B91CB7BF2000B31433 /* Info.plist */,
				995B17A81CB7BF2000B31433 /* Supporting Files */,
			);
			path = "Bai 4";
			sourceTree = "<group>";
		};
		995B17A81CB7BF2000B31433 /* Supporting Files */ = {
			isa = PBXGroup;
			children = (
				995B17A91CB7BF2000B31433 /* main.m */,
			);
			name = "Supporting Files";
			sourceTree = "<group>";
		};
		995B17C11CB7BF2000B31433 /* Bai 4Tests */ = {
			isa = PBXGroup;
			children = (
				995B17C21CB7BF2000B31433 /* Bai_4Tests.m */,
				995B17C41CB7BF2000B31433 /* Info.plist */,
			);
			path = "Bai 4Tests";
			sourceTree = "<group>";
		};
		995B17CC1CB7BF2000B31433 /* Bai 4UITests */ = {
			isa = PBXGroup;
			children = (
				995B17CD1CB7BF2000B31433 /* Bai_4UITests.m */,
				995B17CF1CB7BF2100B31433 /* Info.plist */,
			);
			path = "Bai 4UITests";
			sourceTree = "<group>";
		};
		995B17DE1CB7C50500B31433 /* Login */ = {
			isa = PBXGroup;
			children = (
				995B17E71CB7D8CE00B31433 /* ForgetPass */,
				995B17E61CB7D8BA00B31433 /* Register */,
				995B17E51CB7D8A100B31433 /* TabBar */,
				995B17DB1CB7C4F500B31433 /* LoginViewController.h */,
				995B17DC1CB7C4F500B31433 /* LoginViewController.m */,
			);
			name = Login;
			sourceTree = "<group>";
		};
		995B17E51CB7D8A100B31433 /* TabBar */ = {
			isa = PBXGroup;
			children = (
				995B17E81CB7D90000B31433 /* TabBarViewController.h */,
				995B17E91CB7D90000B31433 /* TabBarViewController.m */,
			);
			name = TabBar;
			sourceTree = "<group>";
		};
		995B17E61CB7D8BA00B31433 /* Register */ = {
			isa = PBXGroup;
			children = (
				995B17DF1CB7C7AA00B31433 /* RegisterViewController.h */,
				995B17E01CB7C7AA00B31433 /* RegisterViewController.m */,
			);
			name = Register;
			sourceTree = "<group>";
		};
		995B17E71CB7D8CE00B31433 /* ForgetPass */ = {
			isa = PBXGroup;
			children = (
				995B17E21CB7D61C00B31433 /* ForgetPasswordViewController.h */,
				995B17E31CB7D61C00B31433 /* ForgetPasswordViewController.m */,
			);
			name = ForgetPass;
			sourceTree = "<group>";
		};
/* End PBXGroup section */

/* Begin PBXNativeTarget section */
		995B17A41CB7BF2000B31433 /* Bai 4 */ = {
			isa = PBXNativeTarget;
			buildConfigurationList = 995B17D21CB7BF2100B31433 /* Build configuration list for PBXNativeTarget "Bai 4" */;
			buildPhases = (
				995B17A11CB7BF2000B31433 /* Sources */,
				995B17A21CB7BF2000B31433 /* Frameworks */,
				995B17A31CB7BF2000B31433 /* Resources */,
			);
			buildRules = (
			);
			dependencies = (
			);
			name = "Bai 4";
			productName = "Bai 4";
			productReference = 995B17A51CB7BF2000B31433 /* Bai 4.app */;
			productType = "com.apple.product-type.application";
		};
		995B17BD1CB7BF2000B31433 /* Bai 4Tests */ = {
			isa = PBXNativeTarget;
			buildConfigurationList = 995B17D51CB7BF2100B31433 /* Build configuration list for PBXNativeTarget "Bai 4Tests" */;
			buildPhases = (
				995B17BA1CB7BF2000B31433 /* Sources */,
				995B17BB1CB7BF2000B31433 /* Frameworks */,
				995B17BC1CB7BF2000B31433 /* Resources */,
			);
			buildRules = (
			);
			dependencies = (
				995B17C01CB7BF2000B31433 /* PBXTargetDependency */,
			);
			name = "Bai 4Tests";
			productName = "Bai 4Tests";
			productReference = 995B17BE1CB7BF2000B31433 /* Bai 4Tests.xctest */;
			productType = "com.apple.product-type.bundle.unit-test";
		};
		995B17C81CB7BF2000B31433 /* Bai 4UITests */ = {
			isa = PBXNativeTarget;
			buildConfigurationList = 995B17D81CB7BF2100B31433 /* Build configuration list for PBXNativeTarget "Bai 4UITests" */;
			buildPhases = (
				995B17C51CB7BF2000B31433 /* Sources */,
				995B17C61CB7BF2000B31433 /* Frameworks */,
				995B17C71CB7BF2000B31433 /* Resources */,
			);
			buildRules = (
			);
			dependencies = (
				995B17CB1CB7BF2000B31433 /* PBXTargetDependency */,
			);
			name = "Bai 4UITests";
			productName = "Bai 4UITests";
			productReference = 995B17C91CB7BF2000B31433 /* Bai 4UITests.xctest */;
			productType = "com.apple.product-type.bundle.ui-testing";
		};
/* End PBXNativeTarget section */

/* Begin PBXProject section */
		995B179D1CB7BF2000B31433 /* Project object */ = {
			isa = PBXProject;
			attributes = {
				LastUpgradeCheck = 0720;
				ORGANIZATIONNAME = Mr.Vu;
				TargetAttributes = {
					995B17A41CB7BF2000B31433 = {
						CreatedOnToolsVersion = 7.2;
					};
					995B17BD1CB7BF2000B31433 = {
						CreatedOnToolsVersion = 7.2;
						TestTargetID = 995B17A41CB7BF2000B31433;
					};
					995B17C81CB7BF2000B31433 = {
						CreatedOnToolsVersion = 7.2;
						TestTargetID = 995B17A41CB7BF2000B31433;
					};
				};
			};
			buildConfigurationList = 995B17A01CB7BF2000B31433 /* Build configuration list for PBXProject "Bai 4" */;
			compatibilityVersion = "Xcode 3.2";
			developmentRegion = English;
			hasScannedForEncodings = 0;
			knownRegions = (
				en,
				Base,
			);
			mainGroup = 995B179C1CB7BF2000B31433;
			productRefGroup = 995B17A61CB7BF2000B31433 /* Products */;
			projectDirPath = "";
			projectRoot = "";
			targets = (
				995B17A41CB7BF2000B31433 /* Bai 4 */,
				995B17BD1CB7BF2000B31433 /* Bai 4Tests */,
				995B17C81CB7BF2000B31433 /* Bai 4UITests */,
			);
		};
/* End PBXProject section */

/* Begin PBXResourcesBuildPhase section */
		995B17A31CB7BF2000B31433 /* Resources */ = {
			isa = PBXResourcesBuildPhase;
			buildActionMask = 2147483647;
			files = (
				995B17B81CB7BF2000B31433 /* LaunchScreen.storyboard in Resources */,
				995B17B51CB7BF2000B31433 /* Assets.xcassets in Resources */,
				995B17B31CB7BF2000B31433 /* Main.storyboard in Resources */,
			);
			runOnlyForDeploymentPostprocessing = 0;
		};
		995B17BC1CB7BF2000B31433 /* Resources */ = {
			isa = PBXResourcesBuildPhase;
			buildActionMask = 2147483647;
			files = (
			);
			runOnlyForDeploymentPostprocessing = 0;
		};
		995B17C71CB7BF2000B31433 /* Resources */ = {
			isa = PBXResourcesBuildPhase;
			buildActionMask = 2147483647;
			files = (
			);
			runOnlyForDeploymentPostprocessing = 0;
		};
/* End PBXResourcesBuildPhase section */

/* Begin PBXSourcesBuildPhase section */
		995B17A11CB7BF2000B31433 /* Sources */ = {
			isa = PBXSourcesBuildPhase;
			buildActionMask = 2147483647;
			files = (
				995B17E11CB7C7AA00B31433 /* RegisterViewController.m in Sources */,
				995B17DD1CB7C4F500B31433 /* LoginViewController.m in Sources */,
				995B17EA1CB7D90000B31433 /* TabBarViewController.m in Sources */,
				995B17E41CB7D61C00B31433 /* ForgetPasswordViewController.m in Sources */,
				995B17B01CB7BF2000B31433 /* ViewController.m in Sources */,
				995B17AD1CB7BF2000B31433 /* AppDelegate.m in Sources */,
				995B17AA1CB7BF2000B31433 /* main.m in Sources */,
			);
			runOnlyForDeploymentPostprocessing = 0;
		};
		995B17BA1CB7BF2000B31433 /* Sources */ = {
			isa = PBXSourcesBuildPhase;
			buildActionMask = 2147483647;
			files = (
				995B17C31CB7BF2000B31433 /* Bai_4Tests.m in Sources */,
			);
			runOnlyForDeploymentPostprocessing = 0;
		};
		995B17C51CB7BF2000B31433 /* Sources */ = {
			isa = PBXSourcesBuildPhase;
			buildActionMask = 2147483647;
			files = (
				995B17CE1CB7BF2000B31433 /* Bai_4UITests.m in Sources */,
			);
			runOnlyForDeploymentPostprocessing = 0;
		};
/* End PBXSourcesBuildPhase section */

/* Begin PBXTargetDependency section */
		995B17C01CB7BF2000B31433 /* PBXTargetDependency */ = {
			isa = PBXTargetDependency;
			target = 995B17A41CB7BF2000B31433 /* Bai 4 */;
			targetProxy = 995B17BF1CB7BF2000B31433 /* PBXContainerItemProxy */;
		};
		995B17CB1CB7BF2000B31433 /* PBXTargetDependency */ = {
			isa = PBXTargetDependency;
			target = 995B17A41CB7BF2000B31433 /* Bai 4 */;
			targetProxy = 995B17CA1CB7BF2000B31433 /* PBXContainerItemProxy */;
		};
/* End PBXTargetDependency section */

/* Begin PBXVariantGroup section */
		995B17B11CB7BF2000B31433 /* Main.storyboard */ = {
			isa = PBXVariantGroup;
			children = (
				995B17B21CB7BF2000B31433 /* Base */,
			);
			name = Main.storyboard;
			sourceTree = "<group>";
		};
		995B17B61CB7BF2000B31433 /* LaunchScreen.storyboard */ = {
			isa = PBXVariantGroup;
			children = (
				995B17B71CB7BF2000B31433 /* Base */,
			);
			name = LaunchScreen.storyboard;
			sourceTree = "<group>";
		};
/* End PBXVariantGroup section */

/* Begin XCBuildConfiguration section */
		995B17D01CB7BF2100B31433 /* Debug */ = {
			isa = XCBuildConfiguration;
			buildSettings = {
				ALWAYS_SEARCH_USER_PATHS = NO;
				CLANG_CXX_LANGUAGE_STANDARD = "gnu++0x";
				CLANG_CXX_LIBRARY = "libc++";
				CLANG_ENABLE_MODULES = YES;
				CLANG_ENABLE_OBJC_ARC = YES;
				CLANG_WARN_BOOL_CONVERSION = YES;
				CLANG_WARN_CONSTANT_CONVERSION = YES;
				CLANG_WARN_DIRECT_OBJC_ISA_USAGE = YES_ERROR;
				CLANG_WARN_EMPTY_BODY = YES;
				CLANG_WARN_ENUM_CONVERSION = YES;
				CLANG_WARN_INT_CONVERSION = YES;
				CLANG_WARN_OBJC_ROOT_CLASS = YES_ERROR;
				CLANG_WARN_UNREACHABLE_CODE = YES;
				CLANG_WARN__DUPLICATE_METHOD_MATCH = YES;
				"CODE_SIGN_IDENTITY[sdk=iphoneos*]" = "iPhone Developer";
				COPY_PHASE_STRIP = NO;
				DEBUG_INFORMATION_FORMAT = dwarf;
				ENABLE_STRICT_OBJC_MSGSEND = YES;
				ENABLE_TESTABILITY = YES;
				GCC_C_LANGUAGE_STANDARD = gnu99;
				GCC_DYNAMIC_NO_PIC = NO;
				GCC_NO_COMMON_BLOCKS = YES;
				GCC_OPTIMIZATION_LEVEL = 0;
				GCC_PREPROCESSOR_DEFINITIONS = (
					"DEBUG=1",
					"$(inherited)",
				);
				GCC_WARN_64_TO_32_BIT_CONVERSION = YES;
				GCC_WARN_ABOUT_RETURN_TYPE = YES_ERROR;
				GCC_WARN_UNDECLARED_SELECTOR = YES;
				GCC_WARN_UNINITIALIZED_AUTOS = YES_AGGRESSIVE;
				GCC_WARN_UNUSED_FUNCTION = YES;
				GCC_WARN_UNUSED_VARIABLE = YES;
				IPHONEOS_DEPLOYMENT_TARGET = 9.2;
				MTL_ENABLE_DEBUG_INFO = YES;
				ONLY_ACTIVE_ARCH = YES;
				SDKROOT = iphoneos;
				TARGETED_DEVICE_FAMILY = "1,2";
			};
			name = Debug;
		};
		995B17D11CB7BF2100B31433 /* Release */ = {
			isa = XCBuildConfiguration;
			buildSettings = {
				ALWAYS_SEARCH_USER_PATHS = NO;
				CLANG_CXX_LANGUAGE_STANDARD = "gnu++0x";
				CLANG_CXX_LIBRARY = "libc++";
				CLANG_ENABLE_MODULES = YES;
				CLANG_ENABLE_OBJC_ARC = YES;
				CLANG_WARN_BOOL_CONVERSION = YES;
				CLANG_WARN_CONSTANT_CONVERSION = YES;
				CLANG_WARN_DIRECT_OBJC_ISA_USAGE = YES_ERROR;
				CLANG_WARN_EMPTY_BODY = YES;
				CLANG_WARN_ENUM_CONVERSION = YES;
				CLANG_WARN_INT_CONVERSION = YES;
				CLANG_WARN_OBJC_ROOT_CLASS = YES_ERROR;
				CLANG_WARN_UNREACHABLE_CODE = YES;
				CLANG_WARN__DUPLICATE_METHOD_MATCH = YES;
				"CODE_SIGN_IDENTITY[sdk=iphoneos*]" = "iPhone Developer";
				COPY_PHASE_STRIP = NO;
				DEBUG_INFORMATION_FORMAT = "dwarf-with-dsym";
				ENABLE_NS_ASSERTIONS = NO;
				ENABLE_STRICT_OBJC_MSGSEND = YES;
				GCC_C_LANGUAGE_STANDARD = gnu99;
				GCC_NO_COMMON_BLOCKS = YES;
				GCC_WARN_64_TO_32_BIT_CONVERSION = YES;
				GCC_WARN_ABOUT_RETURN_TYPE = YES_ERROR;
				GCC_WARN_UNDECLARED_SELECTOR = YES;
				GCC_WARN_UNINITIALIZED_AUTOS = YES_AGGRESSIVE;
				GCC_WARN_UNUSED_FUNCTION = YES;
				GCC_WARN_UNUSED_VARIABLE = YES;
				IPHONEOS_DEPLOYMENT_TARGET = 9.2;
				MTL_ENABLE_DEBUG_INFO = NO;
				SDKROOT = iphoneos;
				TARGETED_DEVICE_FAMILY = "1,2";
				VALIDATE_PRODUCT = YES;
			};
			name = Release;
		};
		995B17D31CB7BF2100B31433 /* Debug */ = {
			isa = XCBuildConfiguration;
			buildSettings = {
				ASSETCATALOG_COMPILER_APPICON_NAME = AppIcon;
				INFOPLIST_FILE = "Bai 4/Info.plist";
				LD_RUNPATH_SEARCH_PATHS = "$(inherited) @executable_path/Frameworks";
				PRODUCT_BUNDLE_IDENTIFIER = "Vu.Bai-4";
				PRODUCT_NAME = "$(TARGET_NAME)";
			};
			name = Debug;
		};
		995B17D41CB7BF2100B31433 /* Release */ = {
			isa = XCBuildConfiguration;
			buildSettings = {
				ASSETCATALOG_COMPILER_APPICON_NAME = AppIcon;
				INFOPLIST_FILE = "Bai 4/Info.plist";
				LD_RUNPATH_SEARCH_PATHS = "$(inherited) @executable_path/Frameworks";
				PRODUCT_BUNDLE_IDENTIFIER = "Vu.Bai-4";
				PRODUCT_NAME = "$(TARGET_NAME)";
			};
			name = Release;
		};
		995B17D61CB7BF2100B31433 /* Debug */ = {
			isa = XCBuildConfiguration;
			buildSettings = {
				BUNDLE_LOADER = "$(TEST_HOST)";
				INFOPLIST_FILE = "Bai 4Tests/Info.plist";
				LD_RUNPATH_SEARCH_PATHS = "$(inherited) @executable_path/Frameworks @loader_path/Frameworks";
				PRODUCT_BUNDLE_IDENTIFIER = "Vu.Bai-4Tests";
				PRODUCT_NAME = "$(TARGET_NAME)";
				TEST_HOST = "$(BUILT_PRODUCTS_DIR)/Bai 4.app/Bai 4";
			};
			name = Debug;
		};
		995B17D71CB7BF2100B31433 /* Release */ = {
			isa = XCBuildConfiguration;
			buildSettings = {
				BUNDLE_LOADER = "$(TEST_HOST)";
				INFOPLIST_FILE = "Bai 4Tests/Info.plist";
				LD_RUNPATH_SEARCH_PATHS = "$(inherited) @executable_path/Frameworks @loader_path/Frameworks";
				PRODUCT_BUNDLE_IDENTIFIER = "Vu.Bai-4Tests";
				PRODUCT_NAME = "$(TARGET_NAME)";
				TEST_HOST = "$(BUILT_PRODUCTS_DIR)/Bai 4.app/Bai 4";
			};
			name = Release;
		};
		995B17D91CB7BF2100B31433 /* Debug */ = {
			isa = XCBuildConfiguration;
			buildSettings = {
				INFOPLIST_FILE = "Bai 4UITests/Info.plist";
				LD_RUNPATH_SEARCH_PATHS = "$(inherited) @executable_path/Frameworks @loader_path/Frameworks";
				PRODUCT_BUNDLE_IDENTIFIER = "Vu.Bai-4UITests";
				PRODUCT_NAME = "$(TARGET_NAME)";
				TEST_TARGET_NAME = "Bai 4";
				USES_XCTRUNNER = YES;
			};
			name = Debug;
		};
		995B17DA1CB7BF2100B31433 /* Release */ = {
			isa = XCBuildConfiguration;
			buildSettings = {
				INFOPLIST_FILE = "Bai 4UITests/Info.plist";
				LD_RUNPATH_SEARCH_PATHS = "$(inherited) @executable_path/Frameworks @loader_path/Frameworks";
				PRODUCT_BUNDLE_IDENTIFIER = "Vu.Bai-4UITests";
				PRODUCT_NAME = "$(TARGET_NAME)";
				TEST_TARGET_NAME = "Bai 4";
				USES_XCTRUNNER = YES;
			};
			name = Release;
		};
/* End XCBuildConfiguration section */

/* Begin XCConfigurationList section */
		995B17A01CB7BF2000B31433 /* Build configuration list for PBXProject "Bai 4" */ = {
			isa = XCConfigurationList;
			buildConfigurations = (
				995B17D01CB7BF2100B31433 /* Debug */,
				995B17D11CB7BF2100B31433 /* Release */,
			);
			defaultConfigurationIsVisible = 0;
			defaultConfigurationName = Release;
		};
		995B17D21CB7BF2100B31433 /* Build configuration list for PBXNativeTarget "Bai 4" */ = {
			isa = XCConfigurationList;
			buildConfigurations = (
				995B17D31CB7BF2100B31433 /* Debug */,
				995B17D41CB7BF2100B31433 /* Release */,
			);
			defaultConfigurationIsVisible = 0;
		};
		995B17D51CB7BF2100B31433 /* Build configuration list for PBXNativeTarget "Bai 4Tests" */ = {
			isa = XCConfigurationList;
			buildConfigurations = (
				995B17D61CB7BF2100B31433 /* Debug */,
				995B17D71CB7BF2100B31433 /* Release */,
			);
			defaultConfigurationIsVisible = 0;
		};
		995B17D81CB7BF2100B31433 /* Build configuration list for PBXNativeTarget "Bai 4UITests" */ = {
			isa = XCConfigurationList;
			buildConfigurations = (
				995B17D91CB7BF2100B31433 /* Debug */,
				995B17DA1CB7BF2100B31433 /* Release */,
			);
			defaultConfigurationIsVisible = 0;
		};
/* End XCConfigurationList section */
	};
	rootObject = 995B179D1CB7BF2000B31433 /* Project object */;
}
