// !$*UTF8*$!
{
	archiveVersion = 1;
	classes = {
	};
	objectVersion = 46;
	objects = {

/* Begin PBXBuildFile section */
		995B176B1CB7A97800B31433 /* main.m in Sources */ = {isa = PBXBuildFile; fileRef = 995B176A1CB7A97800B31433 /* main.m */; };
		995B176E1CB7A97800B31433 /* AppDelegate.m in Sources */ = {isa = PBXBuildFile; fileRef = 995B176D1CB7A97800B31433 /* AppDelegate.m */; };
		995B17711CB7A97800B31433 /* ViewController.m in Sources */ = {isa = PBXBuildFile; fileRef = 995B17701CB7A97800B31433 /* ViewController.m */; };
		995B17741CB7A97800B31433 /* Main.storyboard in Resources */ = {isa = PBXBuildFile; fileRef = 995B17721CB7A97800B31433 /* Main.storyboard */; };
		995B17761CB7A97800B31433 /* Assets.xcassets in Resources */ = {isa = PBXBuildFile; fileRef = 995B17751CB7A97800B31433 /* Assets.xcassets */; };
		995B17791CB7A97800B31433 /* LaunchScreen.storyboard in Resources */ = {isa = PBXBuildFile; fileRef = 995B17771CB7A97800B31433 /* LaunchScreen.storyboard */; };
		995B17841CB7A97800B31433 /* Bai2Tests.m in Sources */ = {isa = PBXBuildFile; fileRef = 995B17831CB7A97800B31433 /* Bai2Tests.m */; };
		995B178F1CB7A97800B31433 /* Bai2UITests.m in Sources */ = {isa = PBXBuildFile; fileRef = 995B178E1CB7A97800B31433 /* Bai2UITests.m */; };
/* End PBXBuildFile section */

/* Begin PBXContainerItemProxy section */
		995B17801CB7A97800B31433 /* PBXContainerItemProxy */ = {
			isa = PBXContainerItemProxy;
			containerPortal = 995B175E1CB7A97700B31433 /* Project object */;
			proxyType = 1;
			remoteGlobalIDString = 995B17651CB7A97700B31433;
			remoteInfo = Bai2;
		};
		995B178B1CB7A97800B31433 /* PBXContainerItemProxy */ = {
			isa = PBXContainerItemProxy;
			containerPortal = 995B175E1CB7A97700B31433 /* Project object */;
			proxyType = 1;
			remoteGlobalIDString = 995B17651CB7A97700B31433;
			remoteInfo = Bai2;
		};
/* End PBXContainerItemProxy section */

/* Begin PBXFileReference section */
		995B17661CB7A97700B31433 /* Bai2.app */ = {isa = PBXFileReference; explicitFileType = wrapper.application; includeInIndex = 0; path = Bai2.app; sourceTree = BUILT_PRODUCTS_DIR; };
		995B176A1CB7A97800B31433 /* main.m */ = {isa = PBXFileReference; lastKnownFileType = sourcecode.c.objc; path = main.m; sourceTree = "<group>"; };
		995B176C1CB7A97800B31433 /* AppDelegate.h */ = {isa = PBXFileReference; lastKnownFileType = sourcecode.c.h; path = AppDelegate.h; sourceTree = "<group>"; };
		995B176D1CB7A97800B31433 /* AppDelegate.m */ = {isa = PBXFileReference; lastKnownFileType = sourcecode.c.objc; path = AppDelegate.m; sourceTree = "<group>"; };
		995B176F1CB7A97800B31433 /* ViewController.h */ = {isa = PBXFileReference; lastKnownFileType = sourcecode.c.h; path = ViewController.h; sourceTree = "<group>"; };
		995B17701CB7A97800B31433 /* ViewController.m */ = {isa = PBXFileReference; lastKnownFileType = sourcecode.c.objc; path = ViewController.m; sourceTree = "<group>"; };
		995B17731CB7A97800B31433 /* Base */ = {isa = PBXFileReference; lastKnownFileType = file.storyboard; name = Base; path = Base.lproj/Main.storyboard; sourceTree = "<group>"; };
		995B17751CB7A97800B31433 /* Assets.xcassets */ = {isa = PBXFileReference; lastKnownFileType = folder.assetcatalog; path = Assets.xcassets; sourceTree = "<group>"; };
		995B17781CB7A97800B31433 /* Base */ = {isa = PBXFileReference; lastKnownFileType = file.storyboard; name = Base; path = Base.lproj/LaunchScreen.storyboard; sourceTree = "<group>"; };
		995B177A1CB7A97800B31433 /* Info.plist */ = {isa = PBXFileReference; lastKnownFileType = text.plist.xml; path = Info.plist; sourceTree = "<group>"; };
		995B177F1CB7A97800B31433 /* Bai2Tests.xctest */ = {isa = PBXFileReference; explicitFileType = wrapper.cfbundle; includeInIndex = 0; path = Bai2Tests.xctest; sourceTree = BUILT_PRODUCTS_DIR; };
		995B17831CB7A97800B31433 /* Bai2Tests.m */ = {isa = PBXFileReference; lastKnownFileType = sourcecode.c.objc; path = Bai2Tests.m; sourceTree = "<group>"; };
		995B17851CB7A97800B31433 /* Info.plist */ = {isa = PBXFileReference; lastKnownFileType = text.plist.xml; path = Info.plist; sourceTree = "<group>"; };
		995B178A1CB7A97800B31433 /* Bai2UITests.xctest */ = {isa = PBXFileReference; explicitFileType = wrapper.cfbundle; includeInIndex = 0; path = Bai2UITests.xctest; sourceTree = BUILT_PRODUCTS_DIR; };
		995B178E1CB7A97800B31433 /* Bai2UITests.m */ = {isa = PBXFileReference; lastKnownFileType = sourcecode.c.objc; path = Bai2UITests.m; sourceTree = "<group>"; };
		995B17901CB7A97800B31433 /* Info.plist */ = {isa = PBXFileReference; lastKnownFileType = text.plist.xml; path = Info.plist; sourceTree = "<group>"; };
/* End PBXFileReference section */

/* Begin PBXFrameworksBuildPhase section */
		995B17631CB7A97700B31433 /* Frameworks */ = {
			isa = PBXFrameworksBuildPhase;
			buildActionMask = 2147483647;
			files = (
			);
			runOnlyForDeploymentPostprocessing = 0;
		};
		995B177C1CB7A97800B31433 /* Frameworks */ = {
			isa = PBXFrameworksBuildPhase;
			buildActionMask = 2147483647;
			files = (
			);
			runOnlyForDeploymentPostprocessing = 0;
		};
		995B17871CB7A97800B31433 /* Frameworks */ = {
			isa = PBXFrameworksBuildPhase;
			buildActionMask = 2147483647;
			files = (
			);
			runOnlyForDeploymentPostprocessing = 0;
		};
/* End PBXFrameworksBuildPhase section */

/* Begin PBXGroup section */
		995B175D1CB7A97700B31433 = {
			isa = PBXGroup;
			children = (
				995B17681CB7A97700B31433 /* Bai2 */,
				995B17821CB7A97800B31433 /* Bai2Tests */,
				995B178D1CB7A97800B31433 /* Bai2UITests */,
				995B17671CB7A97700B31433 /* Products */,
			);
			sourceTree = "<group>";
		};
		995B17671CB7A97700B31433 /* Products */ = {
			isa = PBXGroup;
			children = (
				995B17661CB7A97700B31433 /* Bai2.app */,
				995B177F1CB7A97800B31433 /* Bai2Tests.xctest */,
				995B178A1CB7A97800B31433 /* Bai2UITests.xctest */,
			);
			name = Products;
			sourceTree = "<group>";
		};
		995B17681CB7A97700B31433 /* Bai2 */ = {
			isa = PBXGroup;
			children = (
				995B176C1CB7A97800B31433 /* AppDelegate.h */,
				995B176D1CB7A97800B31433 /* AppDelegate.m */,
				995B176F1CB7A97800B31433 /* ViewController.h */,
				995B17701CB7A97800B31433 /* ViewController.m */,
				995B17721CB7A97800B31433 /* Main.storyboard */,
				995B17751CB7A97800B31433 /* Assets.xcassets */,
				995B17771CB7A97800B31433 /* LaunchScreen.storyboard */,
				995B177A1CB7A97800B31433 /* Info.plist */,
				995B17691CB7A97800B31433 /* Supporting Files */,
			);
			path = Bai2;
			sourceTree = "<group>";
		};
		995B17691CB7A97800B31433 /* Supporting Files */ = {
			isa = PBXGroup;
			children = (
				995B176A1CB7A97800B31433 /* main.m */,
			);
			name = "Supporting Files";
			sourceTree = "<group>";
		};
		995B17821CB7A97800B31433 /* Bai2Tests */ = {
			isa = PBXGroup;
			children = (
				995B17831CB7A97800B31433 /* Bai2Tests.m */,
				995B17851CB7A97800B31433 /* Info.plist */,
			);
			path = Bai2Tests;
			sourceTree = "<group>";
		};
		995B178D1CB7A97800B31433 /* Bai2UITests */ = {
			isa = PBXGroup;
			children = (
				995B178E1CB7A97800B31433 /* Bai2UITests.m */,
				995B17901CB7A97800B31433 /* Info.plist */,
			);
			path = Bai2UITests;
			sourceTree = "<group>";
		};
/* End PBXGroup section */

/* Begin PBXNativeTarget section */
		995B17651CB7A97700B31433 /* Bai2 */ = {
			isa = PBXNativeTarget;
			buildConfigurationList = 995B17931CB7A97800B31433 /* Build configuration list for PBXNativeTarget "Bai2" */;
			buildPhases = (
				995B17621CB7A97700B31433 /* Sources */,
				995B17631CB7A97700B31433 /* Frameworks */,
				995B17641CB7A97700B31433 /* Resources */,
			);
			buildRules = (
			);
			dependencies = (
			);
			name = Bai2;
			productName = Bai2;
			productReference = 995B17661CB7A97700B31433 /* Bai2.app */;
			productType = "com.apple.product-type.application";
		};
		995B177E1CB7A97800B31433 /* Bai2Tests */ = {
			isa = PBXNativeTarget;
			buildConfigurationList = 995B17961CB7A97800B31433 /* Build configuration list for PBXNativeTarget "Bai2Tests" */;
			buildPhases = (
				995B177B1CB7A97800B31433 /* Sources */,
				995B177C1CB7A97800B31433 /* Frameworks */,
				995B177D1CB7A97800B31433 /* Resources */,
			);
			buildRules = (
			);
			dependencies = (
				995B17811CB7A97800B31433 /* PBXTargetDependency */,
			);
			name = Bai2Tests;
			productName = Bai2Tests;
			productReference = 995B177F1CB7A97800B31433 /* Bai2Tests.xctest */;
			productType = "com.apple.product-type.bundle.unit-test";
		};
		995B17891CB7A97800B31433 /* Bai2UITests */ = {
			isa = PBXNativeTarget;
			buildConfigurationList = 995B17991CB7A97800B31433 /* Build configuration list for PBXNativeTarget "Bai2UITests" */;
			buildPhases = (
				995B17861CB7A97800B31433 /* Sources */,
				995B17871CB7A97800B31433 /* Frameworks */,
				995B17881CB7A97800B31433 /* Resources */,
			);
			buildRules = (
			);
			dependencies = (
				995B178C1CB7A97800B31433 /* PBXTargetDependency */,
			);
			name = Bai2UITests;
			productName = Bai2UITests;
			productReference = 995B178A1CB7A97800B31433 /* Bai2UITests.xctest */;
			productType = "com.apple.product-type.bundle.ui-testing";
		};
/* End PBXNativeTarget section */

/* Begin PBXProject section */
		995B175E1CB7A97700B31433 /* Project object */ = {
			isa = PBXProject;
			attributes = {
				LastUpgradeCheck = 0720;
				ORGANIZATIONNAME = Mr.Vu;
				TargetAttributes = {
					995B17651CB7A97700B31433 = {
						CreatedOnToolsVersion = 7.2;
					};
					995B177E1CB7A97800B31433 = {
						CreatedOnToolsVersion = 7.2;
						TestTargetID = 995B17651CB7A97700B31433;
					};
					995B17891CB7A97800B31433 = {
						CreatedOnToolsVersion = 7.2;
						TestTargetID = 995B17651CB7A97700B31433;
					};
				};
			};
			buildConfigurationList = 995B17611CB7A97700B31433 /* Build configuration list for PBXProject "Bai2" */;
			compatibilityVersion = "Xcode 3.2";
			developmentRegion = English;
			hasScannedForEncodings = 0;
			knownRegions = (
				en,
				Base,
			);
			mainGroup = 995B175D1CB7A97700B31433;
			productRefGroup = 995B17671CB7A97700B31433 /* Products */;
			projectDirPath = "";
			projectRoot = "";
			targets = (
				995B17651CB7A97700B31433 /* Bai2 */,
				995B177E1CB7A97800B31433 /* Bai2Tests */,
				995B17891CB7A97800B31433 /* Bai2UITests */,
			);
		};
/* End PBXProject section */

/* Begin PBXResourcesBuildPhase section */
		995B17641CB7A97700B31433 /* Resources */ = {
			isa = PBXResourcesBuildPhase;
			buildActionMask = 2147483647;
			files = (
				995B17791CB7A97800B31433 /* LaunchScreen.storyboard in Resources */,
				995B17761CB7A97800B31433 /* Assets.xcassets in Resources */,
				995B17741CB7A97800B31433 /* Main.storyboard in Resources */,
			);
			runOnlyForDeploymentPostprocessing = 0;
		};
		995B177D1CB7A97800B31433 /* Resources */ = {
			isa = PBXResourcesBuildPhase;
			buildActionMask = 2147483647;
			files = (
			);
			runOnlyForDeploymentPostprocessing = 0;
		};
		995B17881CB7A97800B31433 /* Resources */ = {
			isa = PBXResourcesBuildPhase;
			buildActionMask = 2147483647;
			files = (
			);
			runOnlyForDeploymentPostprocessing = 0;
		};
/* End PBXResourcesBuildPhase section */

/* Begin PBXSourcesBuildPhase section */
		995B17621CB7A97700B31433 /* Sources */ = {
			isa = PBXSourcesBuildPhase;
			buildActionMask = 2147483647;
			files = (
				995B17711CB7A97800B31433 /* ViewController.m in Sources */,
				995B176E1CB7A97800B31433 /* AppDelegate.m in Sources */,
				995B176B1CB7A97800B31433 /* main.m in Sources */,
			);
			runOnlyForDeploymentPostprocessing = 0;
		};
		995B177B1CB7A97800B31433 /* Sources */ = {
			isa = PBXSourcesBuildPhase;
			buildActionMask = 2147483647;
			files = (
				995B17841CB7A97800B31433 /* Bai2Tests.m in Sources */,
			);
			runOnlyForDeploymentPostprocessing = 0;
		};
		995B17861CB7A97800B31433 /* Sources */ = {
			isa = PBXSourcesBuildPhase;
			buildActionMask = 2147483647;
			files = (
				995B178F1CB7A97800B31433 /* Bai2UITests.m in Sources */,
			);
			runOnlyForDeploymentPostprocessing = 0;
		};
/* End PBXSourcesBuildPhase section */

/* Begin PBXTargetDependency section */
		995B17811CB7A97800B31433 /* PBXTargetDependency */ = {
			isa = PBXTargetDependency;
			target = 995B17651CB7A97700B31433 /* Bai2 */;
			targetProxy = 995B17801CB7A97800B31433 /* PBXContainerItemProxy */;
		};
		995B178C1CB7A97800B31433 /* PBXTargetDependency */ = {
			isa = PBXTargetDependency;
			target = 995B17651CB7A97700B31433 /* Bai2 */;
			targetProxy = 995B178B1CB7A97800B31433 /* PBXContainerItemProxy */;
		};
/* End PBXTargetDependency section */

/* Begin PBXVariantGroup section */
		995B17721CB7A97800B31433 /* Main.storyboard */ = {
			isa = PBXVariantGroup;
			children = (
				995B17731CB7A97800B31433 /* Base */,
			);
			name = Main.storyboard;
			sourceTree = "<group>";
		};
		995B17771CB7A97800B31433 /* LaunchScreen.storyboard */ = {
			isa = PBXVariantGroup;
			children = (
				995B17781CB7A97800B31433 /* Base */,
			);
			name = LaunchScreen.storyboard;
			sourceTree = "<group>";
		};
/* End PBXVariantGroup section */

/* Begin XCBuildConfiguration section */
		995B17911CB7A97800B31433 /* Debug */ = {
			isa = XCBuildConfiguration;
			buildSettings = {
				ALWAYS_SEARCH_USER_PATHS = NO;
				CLANG_CXX_LANGUAGE_STANDARD = "gnu++0x";
				CLANG_CXX_LIBRARY = "libc++";
				CLANG_ENABLE_MODULES = YES;
				CLANG_ENABLE_OBJC_ARC = YES;
				CLANG_WARN_BOOL_CONVERSION = YES;
				CLANG_WARN_CONSTANT_CONVERSION = YES;
				CLANG_WARN_DIRECT_OBJC_ISA_USAGE = YES_ERROR;
				CLANG_WARN_EMPTY_BODY = YES;
				CLANG_WARN_ENUM_CONVERSION = YES;
				CLANG_WARN_INT_CONVERSION = YES;
				CLANG_WARN_OBJC_ROOT_CLASS = YES_ERROR;
				CLANG_WARN_UNREACHABLE_CODE = YES;
				CLANG_WARN__DUPLICATE_METHOD_MATCH = YES;
				"CODE_SIGN_IDENTITY[sdk=iphoneos*]" = "iPhone Developer";
				COPY_PHASE_STRIP = NO;
				DEBUG_INFORMATION_FORMAT = dwarf;
				ENABLE_STRICT_OBJC_MSGSEND = YES;
				ENABLE_TESTABILITY = YES;
				GCC_C_LANGUAGE_STANDARD = gnu99;
				GCC_DYNAMIC_NO_PIC = NO;
				GCC_NO_COMMON_BLOCKS = YES;
				GCC_OPTIMIZATION_LEVEL = 0;
				GCC_PREPROCESSOR_DEFINITIONS = (
					"DEBUG=1",
					"$(inherited)",
				);
				GCC_WARN_64_TO_32_BIT_CONVERSION = YES;
				GCC_WARN_ABOUT_RETURN_TYPE = YES_ERROR;
				GCC_WARN_UNDECLARED_SELECTOR = YES;
				GCC_WARN_UNINITIALIZED_AUTOS = YES_AGGRESSIVE;
				GCC_WARN_UNUSED_FUNCTION = YES;
				GCC_WARN_UNUSED_VARIABLE = YES;
				IPHONEOS_DEPLOYMENT_TARGET = 9.2;
				MTL_ENABLE_DEBUG_INFO = YES;
				ONLY_ACTIVE_ARCH = YES;
				SDKROOT = iphoneos;
				TARGETED_DEVICE_FAMILY = "1,2";
			};
			name = Debug;
		};
		995B17921CB7A97800B31433 /* Release */ = {
			isa = XCBuildConfiguration;
			buildSettings = {
				ALWAYS_SEARCH_USER_PATHS = NO;
				CLANG_CXX_LANGUAGE_STANDARD = "gnu++0x";
				CLANG_CXX_LIBRARY = "libc++";
				CLANG_ENABLE_MODULES = YES;
				CLANG_ENABLE_OBJC_ARC = YES;
				CLANG_WARN_BOOL_CONVERSION = YES;
				CLANG_WARN_CONSTANT_CONVERSION = YES;
				CLANG_WARN_DIRECT_OBJC_ISA_USAGE = YES_ERROR;
				CLANG_WARN_EMPTY_BODY = YES;
				CLANG_WARN_ENUM_CONVERSION = YES;
				CLANG_WARN_INT_CONVERSION = YES;
				CLANG_WARN_OBJC_ROOT_CLASS = YES_ERROR;
				CLANG_WARN_UNREACHABLE_CODE = YES;
				CLANG_WARN__DUPLICATE_METHOD_MATCH = YES;
				"CODE_SIGN_IDENTITY[sdk=iphoneos*]" = "iPhone Developer";
				COPY_PHASE_STRIP = NO;
				DEBUG_INFORMATION_FORMAT = "dwarf-with-dsym";
				ENABLE_NS_ASSERTIONS = NO;
				ENABLE_STRICT_OBJC_MSGSEND = YES;
				GCC_C_LANGUAGE_STANDARD = gnu99;
				GCC_NO_COMMON_BLOCKS = YES;
				GCC_WARN_64_TO_32_BIT_CONVERSION = YES;
				GCC_WARN_ABOUT_RETURN_TYPE = YES_ERROR;
				GCC_WARN_UNDECLARED_SELECTOR = YES;
				GCC_WARN_UNINITIALIZED_AUTOS = YES_AGGRESSIVE;
				GCC_WARN_UNUSED_FUNCTION = YES;
				GCC_WARN_UNUSED_VARIABLE = YES;
				IPHONEOS_DEPLOYMENT_TARGET = 9.2;
				MTL_ENABLE_DEBUG_INFO = NO;
				SDKROOT = iphoneos;
				TARGETED_DEVICE_FAMILY = "1,2";
				VALIDATE_PRODUCT = YES;
			};
			name = Release;
		};
		995B17941CB7A97800B31433 /* Debug */ = {
			isa = XCBuildConfiguration;
			buildSettings = {
				ASSETCATALOG_COMPILER_APPICON_NAME = AppIcon;
				INFOPLIST_FILE = Bai2/Info.plist;
				LD_RUNPATH_SEARCH_PATHS = "$(inherited) @executable_path/Frameworks";
				PRODUCT_BUNDLE_IDENTIFIER = Vu.Bai2;
				PRODUCT_NAME = "$(TARGET_NAME)";
			};
			name = Debug;
		};
		995B17951CB7A97800B31433 /* Release */ = {
			isa = XCBuildConfiguration;
			buildSettings = {
				ASSETCATALOG_COMPILER_APPICON_NAME = AppIcon;
				INFOPLIST_FILE = Bai2/Info.plist;
				LD_RUNPATH_SEARCH_PATHS = "$(inherited) @executable_path/Frameworks";
				PRODUCT_BUNDLE_IDENTIFIER = Vu.Bai2;
				PRODUCT_NAME = "$(TARGET_NAME)";
			};
			name = Release;
		};
		995B17971CB7A97800B31433 /* Debug */ = {
			isa = XCBuildConfiguration;
			buildSettings = {
				BUNDLE_LOADER = "$(TEST_HOST)";
				INFOPLIST_FILE = Bai2Tests/Info.plist;
				LD_RUNPATH_SEARCH_PATHS = "$(inherited) @executable_path/Frameworks @loader_path/Frameworks";
				PRODUCT_BUNDLE_IDENTIFIER = Vu.Bai2Tests;
				PRODUCT_NAME = "$(TARGET_NAME)";
				TEST_HOST = "$(BUILT_PRODUCTS_DIR)/Bai2.app/Bai2";
			};
			name = Debug;
		};
		995B17981CB7A97800B31433 /* Release */ = {
			isa = XCBuildConfiguration;
			buildSettings = {
				BUNDLE_LOADER = "$(TEST_HOST)";
				INFOPLIST_FILE = Bai2Tests/Info.plist;
				LD_RUNPATH_SEARCH_PATHS = "$(inherited) @executable_path/Frameworks @loader_path/Frameworks";
				PRODUCT_BUNDLE_IDENTIFIER = Vu.Bai2Tests;
				PRODUCT_NAME = "$(TARGET_NAME)";
				TEST_HOST = "$(BUILT_PRODUCTS_DIR)/Bai2.app/Bai2";
			};
			name = Release;
		};
		995B179A1CB7A97800B31433 /* Debug */ = {
			isa = XCBuildConfiguration;
			buildSettings = {
				INFOPLIST_FILE = Bai2UITests/Info.plist;
				LD_RUNPATH_SEARCH_PATHS = "$(inherited) @executable_path/Frameworks @loader_path/Frameworks";
				PRODUCT_BUNDLE_IDENTIFIER = Vu.Bai2UITests;
				PRODUCT_NAME = "$(TARGET_NAME)";
				TEST_TARGET_NAME = Bai2;
				USES_XCTRUNNER = YES;
			};
			name = Debug;
		};
		995B179B1CB7A97800B31433 /* Release */ = {
			isa = XCBuildConfiguration;
			buildSettings = {
				INFOPLIST_FILE = Bai2UITests/Info.plist;
				LD_RUNPATH_SEARCH_PATHS = "$(inherited) @executable_path/Frameworks @loader_path/Frameworks";
				PRODUCT_BUNDLE_IDENTIFIER = Vu.Bai2UITests;
				PRODUCT_NAME = "$(TARGET_NAME)";
				TEST_TARGET_NAME = Bai2;
				USES_XCTRUNNER = YES;
			};
			name = Release;
		};
/* End XCBuildConfiguration section */

/* Begin XCConfigurationList section */
		995B17611CB7A97700B31433 /* Build configuration list for PBXProject "Bai2" */ = {
			isa = XCConfigurationList;
			buildConfigurations = (
				995B17911CB7A97800B31433 /* Debug */,
				995B17921CB7A97800B31433 /* Release */,
			);
			defaultConfigurationIsVisible = 0;
			defaultConfigurationName = Release;
		};
		995B17931CB7A97800B31433 /* Build configuration list for PBXNativeTarget "Bai2" */ = {
			isa = XCConfigurationList;
			buildConfigurations = (
				995B17941CB7A97800B31433 /* Debug */,
				995B17951CB7A97800B31433 /* Release */,
			);
			defaultConfigurationIsVisible = 0;
		};
		995B17961CB7A97800B31433 /* Build configuration list for PBXNativeTarget "Bai2Tests" */ = {
			isa = XCConfigurationList;
			buildConfigurations = (
				995B17971CB7A97800B31433 /* Debug */,
				995B17981CB7A97800B31433 /* Release */,
			);
			defaultConfigurationIsVisible = 0;
		};
		995B17991CB7A97800B31433 /* Build configuration list for PBXNativeTarget "Bai2UITests" */ = {
			isa = XCConfigurationList;
			buildConfigurations = (
				995B179A1CB7A97800B31433 /* Debug */,
				995B179B1CB7A97800B31433 /* Release */,
			);
			defaultConfigurationIsVisible = 0;
		};
/* End XCConfigurationList section */
	};
	rootObject = 995B175E1CB7A97700B31433 /* Project object */;
}
