// !$*UTF8*$!
{
	archiveVersion = 1;
	classes = {
	};
	objectVersion = 46;
	objects = {

/* Begin PBXBuildFile section */
		999933851CB368C400D261DD /* main.m in Sources */ = {isa = PBXBuildFile; fileRef = 999933841CB368C400D261DD /* main.m */; };
		999933881CB368C400D261DD /* AppDelegate.m in Sources */ = {isa = PBXBuildFile; fileRef = 999933871CB368C400D261DD /* AppDelegate.m */; };
		9999338B1CB368C400D261DD /* ViewController.m in Sources */ = {isa = PBXBuildFile; fileRef = 9999338A1CB368C400D261DD /* ViewController.m */; };
		9999338E1CB368C400D261DD /* Main.storyboard in Resources */ = {isa = PBXBuildFile; fileRef = 9999338C1CB368C400D261DD /* Main.storyboard */; };
		999933901CB368C400D261DD /* Assets.xcassets in Resources */ = {isa = PBXBuildFile; fileRef = 9999338F1CB368C400D261DD /* Assets.xcassets */; };
		999933931CB368C400D261DD /* LaunchScreen.storyboard in Resources */ = {isa = PBXBuildFile; fileRef = 999933911CB368C400D261DD /* LaunchScreen.storyboard */; };
		9999339E1CB368C400D261DD /* Bai2Tests.m in Sources */ = {isa = PBXBuildFile; fileRef = 9999339D1CB368C400D261DD /* Bai2Tests.m */; };
		999933A91CB368C400D261DD /* Bai2UITests.m in Sources */ = {isa = PBXBuildFile; fileRef = 999933A81CB368C400D261DD /* Bai2UITests.m */; };
		99F93ED91CB4B02B004E9A5A /* black_knight.png in Resources */ = {isa = PBXBuildFile; fileRef = 99F93ED81CB4B02B004E9A5A /* black_knight.png */; };
/* End PBXBuildFile section */

/* Begin PBXContainerItemProxy section */
		9999339A1CB368C400D261DD /* PBXContainerItemProxy */ = {
			isa = PBXContainerItemProxy;
			containerPortal = 999933781CB368C400D261DD /* Project object */;
			proxyType = 1;
			remoteGlobalIDString = 9999337F1CB368C400D261DD;
			remoteInfo = Bai2;
		};
		999933A51CB368C400D261DD /* PBXContainerItemProxy */ = {
			isa = PBXContainerItemProxy;
			containerPortal = 999933781CB368C400D261DD /* Project object */;
			proxyType = 1;
			remoteGlobalIDString = 9999337F1CB368C400D261DD;
			remoteInfo = Bai2;
		};
/* End PBXContainerItemProxy section */

/* Begin PBXFileReference section */
		999933801CB368C400D261DD /* Bai2.app */ = {isa = PBXFileReference; explicitFileType = wrapper.application; includeInIndex = 0; path = Bai2.app; sourceTree = BUILT_PRODUCTS_DIR; };
		999933841CB368C400D261DD /* main.m */ = {isa = PBXFileReference; lastKnownFileType = sourcecode.c.objc; path = main.m; sourceTree = "<group>"; };
		999933861CB368C400D261DD /* AppDelegate.h */ = {isa = PBXFileReference; lastKnownFileType = sourcecode.c.h; path = AppDelegate.h; sourceTree = "<group>"; };
		999933871CB368C400D261DD /* AppDelegate.m */ = {isa = PBXFileReference; lastKnownFileType = sourcecode.c.objc; path = AppDelegate.m; sourceTree = "<group>"; };
		999933891CB368C400D261DD /* ViewController.h */ = {isa = PBXFileReference; lastKnownFileType = sourcecode.c.h; path = ViewController.h; sourceTree = "<group>"; };
		9999338A1CB368C400D261DD /* ViewController.m */ = {isa = PBXFileReference; lastKnownFileType = sourcecode.c.objc; path = ViewController.m; sourceTree = "<group>"; };
		9999338D1CB368C400D261DD /* Base */ = {isa = PBXFileReference; lastKnownFileType = file.storyboard; name = Base; path = Base.lproj/Main.storyboard; sourceTree = "<group>"; };
		9999338F1CB368C400D261DD /* Assets.xcassets */ = {isa = PBXFileReference; lastKnownFileType = folder.assetcatalog; path = Assets.xcassets; sourceTree = "<group>"; };
		999933921CB368C400D261DD /* Base */ = {isa = PBXFileReference; lastKnownFileType = file.storyboard; name = Base; path = Base.lproj/LaunchScreen.storyboard; sourceTree = "<group>"; };
		999933941CB368C400D261DD /* Info.plist */ = {isa = PBXFileReference; lastKnownFileType = text.plist.xml; path = Info.plist; sourceTree = "<group>"; };
		999933991CB368C400D261DD /* Bai2Tests.xctest */ = {isa = PBXFileReference; explicitFileType = wrapper.cfbundle; includeInIndex = 0; path = Bai2Tests.xctest; sourceTree = BUILT_PRODUCTS_DIR; };
		9999339D1CB368C400D261DD /* Bai2Tests.m */ = {isa = PBXFileReference; lastKnownFileType = sourcecode.c.objc; path = Bai2Tests.m; sourceTree = "<group>"; };
		9999339F1CB368C400D261DD /* Info.plist */ = {isa = PBXFileReference; lastKnownFileType = text.plist.xml; path = Info.plist; sourceTree = "<group>"; };
		999933A41CB368C400D261DD /* Bai2UITests.xctest */ = {isa = PBXFileReference; explicitFileType = wrapper.cfbundle; includeInIndex = 0; path = Bai2UITests.xctest; sourceTree = BUILT_PRODUCTS_DIR; };
		999933A81CB368C400D261DD /* Bai2UITests.m */ = {isa = PBXFileReference; lastKnownFileType = sourcecode.c.objc; path = Bai2UITests.m; sourceTree = "<group>"; };
		999933AA1CB368C400D261DD /* Info.plist */ = {isa = PBXFileReference; lastKnownFileType = text.plist.xml; path = Info.plist; sourceTree = "<group>"; };
		99F93ED81CB4B02B004E9A5A /* black_knight.png */ = {isa = PBXFileReference; lastKnownFileType = image.png; path = black_knight.png; sourceTree = "<group>"; };
/* End PBXFileReference section */

/* Begin PBXFrameworksBuildPhase section */
		9999337D1CB368C400D261DD /* Frameworks */ = {
			isa = PBXFrameworksBuildPhase;
			buildActionMask = 2147483647;
			files = (
			);
			runOnlyForDeploymentPostprocessing = 0;
		};
		999933961CB368C400D261DD /* Frameworks */ = {
			isa = PBXFrameworksBuildPhase;
			buildActionMask = 2147483647;
			files = (
			);
			runOnlyForDeploymentPostprocessing = 0;
		};
		999933A11CB368C400D261DD /* Frameworks */ = {
			isa = PBXFrameworksBuildPhase;
			buildActionMask = 2147483647;
			files = (
			);
			runOnlyForDeploymentPostprocessing = 0;
		};
/* End PBXFrameworksBuildPhase section */

/* Begin PBXGroup section */
		999933771CB368C400D261DD = {
			isa = PBXGroup;
			children = (
				999933821CB368C400D261DD /* Bai2 */,
				9999339C1CB368C400D261DD /* Bai2Tests */,
				999933A71CB368C400D261DD /* Bai2UITests */,
				999933811CB368C400D261DD /* Products */,
			);
			sourceTree = "<group>";
		};
		999933811CB368C400D261DD /* Products */ = {
			isa = PBXGroup;
			children = (
				999933801CB368C400D261DD /* Bai2.app */,
				999933991CB368C400D261DD /* Bai2Tests.xctest */,
				999933A41CB368C400D261DD /* Bai2UITests.xctest */,
			);
			name = Products;
			sourceTree = "<group>";
		};
		999933821CB368C400D261DD /* Bai2 */ = {
			isa = PBXGroup;
			children = (
				999933861CB368C400D261DD /* AppDelegate.h */,
				999933871CB368C400D261DD /* AppDelegate.m */,
				999933891CB368C400D261DD /* ViewController.h */,
				9999338A1CB368C400D261DD /* ViewController.m */,
				9999338C1CB368C400D261DD /* Main.storyboard */,
				9999338F1CB368C400D261DD /* Assets.xcassets */,
				999933911CB368C400D261DD /* LaunchScreen.storyboard */,
				999933941CB368C400D261DD /* Info.plist */,
				999933831CB368C400D261DD /* Supporting Files */,
			);
			path = Bai2;
			sourceTree = "<group>";
		};
		999933831CB368C400D261DD /* Supporting Files */ = {
			isa = PBXGroup;
			children = (
				99F93ED81CB4B02B004E9A5A /* black_knight.png */,
				999933841CB368C400D261DD /* main.m */,
			);
			name = "Supporting Files";
			sourceTree = "<group>";
		};
		9999339C1CB368C400D261DD /* Bai2Tests */ = {
			isa = PBXGroup;
			children = (
				9999339D1CB368C400D261DD /* Bai2Tests.m */,
				9999339F1CB368C400D261DD /* Info.plist */,
			);
			path = Bai2Tests;
			sourceTree = "<group>";
		};
		999933A71CB368C400D261DD /* Bai2UITests */ = {
			isa = PBXGroup;
			children = (
				999933A81CB368C400D261DD /* Bai2UITests.m */,
				999933AA1CB368C400D261DD /* Info.plist */,
			);
			path = Bai2UITests;
			sourceTree = "<group>";
		};
/* End PBXGroup section */

/* Begin PBXNativeTarget section */
		9999337F1CB368C400D261DD /* Bai2 */ = {
			isa = PBXNativeTarget;
			buildConfigurationList = 999933AD1CB368C400D261DD /* Build configuration list for PBXNativeTarget "Bai2" */;
			buildPhases = (
				9999337C1CB368C400D261DD /* Sources */,
				9999337D1CB368C400D261DD /* Frameworks */,
				9999337E1CB368C400D261DD /* Resources */,
			);
			buildRules = (
			);
			dependencies = (
			);
			name = Bai2;
			productName = Bai2;
			productReference = 999933801CB368C400D261DD /* Bai2.app */;
			productType = "com.apple.product-type.application";
		};
		999933981CB368C400D261DD /* Bai2Tests */ = {
			isa = PBXNativeTarget;
			buildConfigurationList = 999933B01CB368C400D261DD /* Build configuration list for PBXNativeTarget "Bai2Tests" */;
			buildPhases = (
				999933951CB368C400D261DD /* Sources */,
				999933961CB368C400D261DD /* Frameworks */,
				999933971CB368C400D261DD /* Resources */,
			);
			buildRules = (
			);
			dependencies = (
				9999339B1CB368C400D261DD /* PBXTargetDependency */,
			);
			name = Bai2Tests;
			productName = Bai2Tests;
			productReference = 999933991CB368C400D261DD /* Bai2Tests.xctest */;
			productType = "com.apple.product-type.bundle.unit-test";
		};
		999933A31CB368C400D261DD /* Bai2UITests */ = {
			isa = PBXNativeTarget;
			buildConfigurationList = 999933B31CB368C400D261DD /* Build configuration list for PBXNativeTarget "Bai2UITests" */;
			buildPhases = (
				999933A01CB368C400D261DD /* Sources */,
				999933A11CB368C400D261DD /* Frameworks */,
				999933A21CB368C400D261DD /* Resources */,
			);
			buildRules = (
			);
			dependencies = (
				999933A61CB368C400D261DD /* PBXTargetDependency */,
			);
			name = Bai2UITests;
			productName = Bai2UITests;
			productReference = 999933A41CB368C400D261DD /* Bai2UITests.xctest */;
			productType = "com.apple.product-type.bundle.ui-testing";
		};
/* End PBXNativeTarget section */

/* Begin PBXProject section */
		999933781CB368C400D261DD /* Project object */ = {
			isa = PBXProject;
			attributes = {
				LastUpgradeCheck = 0720;
				ORGANIZATIONNAME = Mr.Vu;
				TargetAttributes = {
					9999337F1CB368C400D261DD = {
						CreatedOnToolsVersion = 7.2;
					};
					999933981CB368C400D261DD = {
						CreatedOnToolsVersion = 7.2;
						TestTargetID = 9999337F1CB368C400D261DD;
					};
					999933A31CB368C400D261DD = {
						CreatedOnToolsVersion = 7.2;
						TestTargetID = 9999337F1CB368C400D261DD;
					};
				};
			};
			buildConfigurationList = 9999337B1CB368C400D261DD /* Build configuration list for PBXProject "Bai2" */;
			compatibilityVersion = "Xcode 3.2";
			developmentRegion = English;
			hasScannedForEncodings = 0;
			knownRegions = (
				en,
				Base,
			);
			mainGroup = 999933771CB368C400D261DD;
			productRefGroup = 999933811CB368C400D261DD /* Products */;
			projectDirPath = "";
			projectRoot = "";
			targets = (
				9999337F1CB368C400D261DD /* Bai2 */,
				999933981CB368C400D261DD /* Bai2Tests */,
				999933A31CB368C400D261DD /* Bai2UITests */,
			);
		};
/* End PBXProject section */

/* Begin PBXResourcesBuildPhase section */
		9999337E1CB368C400D261DD /* Resources */ = {
			isa = PBXResourcesBuildPhase;
			buildActionMask = 2147483647;
			files = (
				99F93ED91CB4B02B004E9A5A /* black_knight.png in Resources */,
				999933931CB368C400D261DD /* LaunchScreen.storyboard in Resources */,
				999933901CB368C400D261DD /* Assets.xcassets in Resources */,
				9999338E1CB368C400D261DD /* Main.storyboard in Resources */,
			);
			runOnlyForDeploymentPostprocessing = 0;
		};
		999933971CB368C400D261DD /* Resources */ = {
			isa = PBXResourcesBuildPhase;
			buildActionMask = 2147483647;
			files = (
			);
			runOnlyForDeploymentPostprocessing = 0;
		};
		999933A21CB368C400D261DD /* Resources */ = {
			isa = PBXResourcesBuildPhase;
			buildActionMask = 2147483647;
			files = (
			);
			runOnlyForDeploymentPostprocessing = 0;
		};
/* End PBXResourcesBuildPhase section */

/* Begin PBXSourcesBuildPhase section */
		9999337C1CB368C400D261DD /* Sources */ = {
			isa = PBXSourcesBuildPhase;
			buildActionMask = 2147483647;
			files = (
				9999338B1CB368C400D261DD /* ViewController.m in Sources */,
				999933881CB368C400D261DD /* AppDelegate.m in Sources */,
				999933851CB368C400D261DD /* main.m in Sources */,
			);
			runOnlyForDeploymentPostprocessing = 0;
		};
		999933951CB368C400D261DD /* Sources */ = {
			isa = PBXSourcesBuildPhase;
			buildActionMask = 2147483647;
			files = (
				9999339E1CB368C400D261DD /* Bai2Tests.m in Sources */,
			);
			runOnlyForDeploymentPostprocessing = 0;
		};
		999933A01CB368C400D261DD /* Sources */ = {
			isa = PBXSourcesBuildPhase;
			buildActionMask = 2147483647;
			files = (
				999933A91CB368C400D261DD /* Bai2UITests.m in Sources */,
			);
			runOnlyForDeploymentPostprocessing = 0;
		};
/* End PBXSourcesBuildPhase section */

/* Begin PBXTargetDependency section */
		9999339B1CB368C400D261DD /* PBXTargetDependency */ = {
			isa = PBXTargetDependency;
			target = 9999337F1CB368C400D261DD /* Bai2 */;
			targetProxy = 9999339A1CB368C400D261DD /* PBXContainerItemProxy */;
		};
		999933A61CB368C400D261DD /* PBXTargetDependency */ = {
			isa = PBXTargetDependency;
			target = 9999337F1CB368C400D261DD /* Bai2 */;
			targetProxy = 999933A51CB368C400D261DD /* PBXContainerItemProxy */;
		};
/* End PBXTargetDependency section */

/* Begin PBXVariantGroup section */
		9999338C1CB368C400D261DD /* Main.storyboard */ = {
			isa = PBXVariantGroup;
			children = (
				9999338D1CB368C400D261DD /* Base */,
			);
			name = Main.storyboard;
			sourceTree = "<group>";
		};
		999933911CB368C400D261DD /* LaunchScreen.storyboard */ = {
			isa = PBXVariantGroup;
			children = (
				999933921CB368C400D261DD /* Base */,
			);
			name = LaunchScreen.storyboard;
			sourceTree = "<group>";
		};
/* End PBXVariantGroup section */

/* Begin XCBuildConfiguration section */
		999933AB1CB368C400D261DD /* Debug */ = {
			isa = XCBuildConfiguration;
			buildSettings = {
				ALWAYS_SEARCH_USER_PATHS = NO;
				CLANG_CXX_LANGUAGE_STANDARD = "gnu++0x";
				CLANG_CXX_LIBRARY = "libc++";
				CLANG_ENABLE_MODULES = YES;
				CLANG_ENABLE_OBJC_ARC = YES;
				CLANG_WARN_BOOL_CONVERSION = YES;
				CLANG_WARN_CONSTANT_CONVERSION = YES;
				CLANG_WARN_DIRECT_OBJC_ISA_USAGE = YES_ERROR;
				CLANG_WARN_EMPTY_BODY = YES;
				CLANG_WARN_ENUM_CONVERSION = YES;
				CLANG_WARN_INT_CONVERSION = YES;
				CLANG_WARN_OBJC_ROOT_CLASS = YES_ERROR;
				CLANG_WARN_UNREACHABLE_CODE = YES;
				CLANG_WARN__DUPLICATE_METHOD_MATCH = YES;
				"CODE_SIGN_IDENTITY[sdk=iphoneos*]" = "iPhone Developer";
				COPY_PHASE_STRIP = NO;
				DEBUG_INFORMATION_FORMAT = dwarf;
				ENABLE_STRICT_OBJC_MSGSEND = YES;
				ENABLE_TESTABILITY = YES;
				GCC_C_LANGUAGE_STANDARD = gnu99;
				GCC_DYNAMIC_NO_PIC = NO;
				GCC_NO_COMMON_BLOCKS = YES;
				GCC_OPTIMIZATION_LEVEL = 0;
				GCC_PREPROCESSOR_DEFINITIONS = (
					"DEBUG=1",
					"$(inherited)",
				);
				GCC_WARN_64_TO_32_BIT_CONVERSION = YES;
				GCC_WARN_ABOUT_RETURN_TYPE = YES_ERROR;
				GCC_WARN_UNDECLARED_SELECTOR = YES;
				GCC_WARN_UNINITIALIZED_AUTOS = YES_AGGRESSIVE;
				GCC_WARN_UNUSED_FUNCTION = YES;
				GCC_WARN_UNUSED_VARIABLE = YES;
				IPHONEOS_DEPLOYMENT_TARGET = 9.2;
				MTL_ENABLE_DEBUG_INFO = YES;
				ONLY_ACTIVE_ARCH = YES;
				SDKROOT = iphoneos;
				TARGETED_DEVICE_FAMILY = "1,2";
			};
			name = Debug;
		};
		999933AC1CB368C400D261DD /* Release */ = {
			isa = XCBuildConfiguration;
			buildSettings = {
				ALWAYS_SEARCH_USER_PATHS = NO;
				CLANG_CXX_LANGUAGE_STANDARD = "gnu++0x";
				CLANG_CXX_LIBRARY = "libc++";
				CLANG_ENABLE_MODULES = YES;
				CLANG_ENABLE_OBJC_ARC = YES;
				CLANG_WARN_BOOL_CONVERSION = YES;
				CLANG_WARN_CONSTANT_CONVERSION = YES;
				CLANG_WARN_DIRECT_OBJC_ISA_USAGE = YES_ERROR;
				CLANG_WARN_EMPTY_BODY = YES;
				CLANG_WARN_ENUM_CONVERSION = YES;
				CLANG_WARN_INT_CONVERSION = YES;
				CLANG_WARN_OBJC_ROOT_CLASS = YES_ERROR;
				CLANG_WARN_UNREACHABLE_CODE = YES;
				CLANG_WARN__DUPLICATE_METHOD_MATCH = YES;
				"CODE_SIGN_IDENTITY[sdk=iphoneos*]" = "iPhone Developer";
				COPY_PHASE_STRIP = NO;
				DEBUG_INFORMATION_FORMAT = "dwarf-with-dsym";
				ENABLE_NS_ASSERTIONS = NO;
				ENABLE_STRICT_OBJC_MSGSEND = YES;
				GCC_C_LANGUAGE_STANDARD = gnu99;
				GCC_NO_COMMON_BLOCKS = YES;
				GCC_WARN_64_TO_32_BIT_CONVERSION = YES;
				GCC_WARN_ABOUT_RETURN_TYPE = YES_ERROR;
				GCC_WARN_UNDECLARED_SELECTOR = YES;
				GCC_WARN_UNINITIALIZED_AUTOS = YES_AGGRESSIVE;
				GCC_WARN_UNUSED_FUNCTION = YES;
				GCC_WARN_UNUSED_VARIABLE = YES;
				IPHONEOS_DEPLOYMENT_TARGET = 9.2;
				MTL_ENABLE_DEBUG_INFO = NO;
				SDKROOT = iphoneos;
				TARGETED_DEVICE_FAMILY = "1,2";
				VALIDATE_PRODUCT = YES;
			};
			name = Release;
		};
		999933AE1CB368C400D261DD /* Debug */ = {
			isa = XCBuildConfiguration;
			buildSettings = {
				ASSETCATALOG_COMPILER_APPICON_NAME = AppIcon;
				INFOPLIST_FILE = Bai2/Info.plist;
				LD_RUNPATH_SEARCH_PATHS = "$(inherited) @executable_path/Frameworks";
				PRODUCT_BUNDLE_IDENTIFIER = Vu.Bai2;
				PRODUCT_NAME = "$(TARGET_NAME)";
			};
			name = Debug;
		};
		999933AF1CB368C400D261DD /* Release */ = {
			isa = XCBuildConfiguration;
			buildSettings = {
				ASSETCATALOG_COMPILER_APPICON_NAME = AppIcon;
				INFOPLIST_FILE = Bai2/Info.plist;
				LD_RUNPATH_SEARCH_PATHS = "$(inherited) @executable_path/Frameworks";
				PRODUCT_BUNDLE_IDENTIFIER = Vu.Bai2;
				PRODUCT_NAME = "$(TARGET_NAME)";
			};
			name = Release;
		};
		999933B11CB368C400D261DD /* Debug */ = {
			isa = XCBuildConfiguration;
			buildSettings = {
				BUNDLE_LOADER = "$(TEST_HOST)";
				INFOPLIST_FILE = Bai2Tests/Info.plist;
				LD_RUNPATH_SEARCH_PATHS = "$(inherited) @executable_path/Frameworks @loader_path/Frameworks";
				PRODUCT_BUNDLE_IDENTIFIER = Vu.Bai2Tests;
				PRODUCT_NAME = "$(TARGET_NAME)";
				TEST_HOST = "$(BUILT_PRODUCTS_DIR)/Bai2.app/Bai2";
			};
			name = Debug;
		};
		999933B21CB368C400D261DD /* Release */ = {
			isa = XCBuildConfiguration;
			buildSettings = {
				BUNDLE_LOADER = "$(TEST_HOST)";
				INFOPLIST_FILE = Bai2Tests/Info.plist;
				LD_RUNPATH_SEARCH_PATHS = "$(inherited) @executable_path/Frameworks @loader_path/Frameworks";
				PRODUCT_BUNDLE_IDENTIFIER = Vu.Bai2Tests;
				PRODUCT_NAME = "$(TARGET_NAME)";
				TEST_HOST = "$(BUILT_PRODUCTS_DIR)/Bai2.app/Bai2";
			};
			name = Release;
		};
		999933B41CB368C400D261DD /* Debug */ = {
			isa = XCBuildConfiguration;
			buildSettings = {
				INFOPLIST_FILE = Bai2UITests/Info.plist;
				LD_RUNPATH_SEARCH_PATHS = "$(inherited) @executable_path/Frameworks @loader_path/Frameworks";
				PRODUCT_BUNDLE_IDENTIFIER = Vu.Bai2UITests;
				PRODUCT_NAME = "$(TARGET_NAME)";
				TEST_TARGET_NAME = Bai2;
				USES_XCTRUNNER = YES;
			};
			name = Debug;
		};
		999933B51CB368C400D261DD /* Release */ = {
			isa = XCBuildConfiguration;
			buildSettings = {
				INFOPLIST_FILE = Bai2UITests/Info.plist;
				LD_RUNPATH_SEARCH_PATHS = "$(inherited) @executable_path/Frameworks @loader_path/Frameworks";
				PRODUCT_BUNDLE_IDENTIFIER = Vu.Bai2UITests;
				PRODUCT_NAME = "$(TARGET_NAME)";
				TEST_TARGET_NAME = Bai2;
				USES_XCTRUNNER = YES;
			};
			name = Release;
		};
/* End XCBuildConfiguration section */

/* Begin XCConfigurationList section */
		9999337B1CB368C400D261DD /* Build configuration list for PBXProject "Bai2" */ = {
			isa = XCConfigurationList;
			buildConfigurations = (
				999933AB1CB368C400D261DD /* Debug */,
				999933AC1CB368C400D261DD /* Release */,
			);
			defaultConfigurationIsVisible = 0;
			defaultConfigurationName = Release;
		};
		999933AD1CB368C400D261DD /* Build configuration list for PBXNativeTarget "Bai2" */ = {
			isa = XCConfigurationList;
			buildConfigurations = (
				999933AE1CB368C400D261DD /* Debug */,
				999933AF1CB368C400D261DD /* Release */,
			);
			defaultConfigurationIsVisible = 0;
			defaultConfigurationName = Release;
		};
		999933B01CB368C400D261DD /* Build configuration list for PBXNativeTarget "Bai2Tests" */ = {
			isa = XCConfigurationList;
			buildConfigurations = (
				999933B11CB368C400D261DD /* Debug */,
				999933B21CB368C400D261DD /* Release */,
			);
			defaultConfigurationIsVisible = 0;
			defaultConfigurationName = Release;
		};
		999933B31CB368C400D261DD /* Build configuration list for PBXNativeTarget "Bai2UITests" */ = {
			isa = XCConfigurationList;
			buildConfigurations = (
				999933B41CB368C400D261DD /* Debug */,
				999933B51CB368C400D261DD /* Release */,
			);
			defaultConfigurationIsVisible = 0;
			defaultConfigurationName = Release;
		};
/* End XCConfigurationList section */
	};
	rootObject = 999933781CB368C400D261DD /* Project object */;
}
