// !$*UTF8*$!
{
	archiveVersion = 1;
	classes = {
	};
	objectVersion = 46;
	objects = {

/* Begin PBXBuildFile section */
		999932C81CB35EC400D261DD /* main.m in Sources */ = {isa = PBXBuildFile; fileRef = 999932C71CB35EC400D261DD /* main.m */; };
		999932CB1CB35EC400D261DD /* AppDelegate.m in Sources */ = {isa = PBXBuildFile; fileRef = 999932CA1CB35EC400D261DD /* AppDelegate.m */; };
		999932CE1CB35EC400D261DD /* ViewController.m in Sources */ = {isa = PBXBuildFile; fileRef = 999932CD1CB35EC400D261DD /* ViewController.m */; };
		999932D11CB35EC400D261DD /* Main.storyboard in Resources */ = {isa = PBXBuildFile; fileRef = 999932CF1CB35EC400D261DD /* Main.storyboard */; };
		999932D31CB35EC400D261DD /* Assets.xcassets in Resources */ = {isa = PBXBuildFile; fileRef = 999932D21CB35EC400D261DD /* Assets.xcassets */; };
		999932D61CB35EC400D261DD /* LaunchScreen.storyboard in Resources */ = {isa = PBXBuildFile; fileRef = 999932D41CB35EC400D261DD /* LaunchScreen.storyboard */; };
		999932E11CB35EC400D261DD /* ActionSheetTests.m in Sources */ = {isa = PBXBuildFile; fileRef = 999932E01CB35EC400D261DD /* ActionSheetTests.m */; };
		999932EC1CB35EC400D261DD /* ActionSheetUITests.m in Sources */ = {isa = PBXBuildFile; fileRef = 999932EB1CB35EC400D261DD /* ActionSheetUITests.m */; };
/* End PBXBuildFile section */

/* Begin PBXContainerItemProxy section */
		999932DD1CB35EC400D261DD /* PBXContainerItemProxy */ = {
			isa = PBXContainerItemProxy;
			containerPortal = 999932BB1CB35EC400D261DD /* Project object */;
			proxyType = 1;
			remoteGlobalIDString = 999932C21CB35EC400D261DD;
			remoteInfo = ActionSheet;
		};
		999932E81CB35EC400D261DD /* PBXContainerItemProxy */ = {
			isa = PBXContainerItemProxy;
			containerPortal = 999932BB1CB35EC400D261DD /* Project object */;
			proxyType = 1;
			remoteGlobalIDString = 999932C21CB35EC400D261DD;
			remoteInfo = ActionSheet;
		};
/* End PBXContainerItemProxy section */

/* Begin PBXFileReference section */
		999932C31CB35EC400D261DD /* ActionSheet.app */ = {isa = PBXFileReference; explicitFileType = wrapper.application; includeInIndex = 0; path = ActionSheet.app; sourceTree = BUILT_PRODUCTS_DIR; };
		999932C71CB35EC400D261DD /* main.m */ = {isa = PBXFileReference; lastKnownFileType = sourcecode.c.objc; path = main.m; sourceTree = "<group>"; };
		999932C91CB35EC400D261DD /* AppDelegate.h */ = {isa = PBXFileReference; lastKnownFileType = sourcecode.c.h; path = AppDelegate.h; sourceTree = "<group>"; };
		999932CA1CB35EC400D261DD /* AppDelegate.m */ = {isa = PBXFileReference; lastKnownFileType = sourcecode.c.objc; path = AppDelegate.m; sourceTree = "<group>"; };
		999932CC1CB35EC400D261DD /* ViewController.h */ = {isa = PBXFileReference; lastKnownFileType = sourcecode.c.h; path = ViewController.h; sourceTree = "<group>"; };
		999932CD1CB35EC400D261DD /* ViewController.m */ = {isa = PBXFileReference; lastKnownFileType = sourcecode.c.objc; path = ViewController.m; sourceTree = "<group>"; };
		999932D01CB35EC400D261DD /* Base */ = {isa = PBXFileReference; lastKnownFileType = file.storyboard; name = Base; path = Base.lproj/Main.storyboard; sourceTree = "<group>"; };
		999932D21CB35EC400D261DD /* Assets.xcassets */ = {isa = PBXFileReference; lastKnownFileType = folder.assetcatalog; path = Assets.xcassets; sourceTree = "<group>"; };
		999932D51CB35EC400D261DD /* Base */ = {isa = PBXFileReference; lastKnownFileType = file.storyboard; name = Base; path = Base.lproj/LaunchScreen.storyboard; sourceTree = "<group>"; };
		999932D71CB35EC400D261DD /* Info.plist */ = {isa = PBXFileReference; lastKnownFileType = text.plist.xml; path = Info.plist; sourceTree = "<group>"; };
		999932DC1CB35EC400D261DD /* ActionSheetTests.xctest */ = {isa = PBXFileReference; explicitFileType = wrapper.cfbundle; includeInIndex = 0; path = ActionSheetTests.xctest; sourceTree = BUILT_PRODUCTS_DIR; };
		999932E01CB35EC400D261DD /* ActionSheetTests.m */ = {isa = PBXFileReference; lastKnownFileType = sourcecode.c.objc; path = ActionSheetTests.m; sourceTree = "<group>"; };
		999932E21CB35EC400D261DD /* Info.plist */ = {isa = PBXFileReference; lastKnownFileType = text.plist.xml; path = Info.plist; sourceTree = "<group>"; };
		999932E71CB35EC400D261DD /* ActionSheetUITests.xctest */ = {isa = PBXFileReference; explicitFileType = wrapper.cfbundle; includeInIndex = 0; path = ActionSheetUITests.xctest; sourceTree = BUILT_PRODUCTS_DIR; };
		999932EB1CB35EC400D261DD /* ActionSheetUITests.m */ = {isa = PBXFileReference; lastKnownFileType = sourcecode.c.objc; path = ActionSheetUITests.m; sourceTree = "<group>"; };
		999932ED1CB35EC400D261DD /* Info.plist */ = {isa = PBXFileReference; lastKnownFileType = text.plist.xml; path = Info.plist; sourceTree = "<group>"; };
/* End PBXFileReference section */

/* Begin PBXFrameworksBuildPhase section */
		999932C01CB35EC400D261DD /* Frameworks */ = {
			isa = PBXFrameworksBuildPhase;
			buildActionMask = 2147483647;
			files = (
			);
			runOnlyForDeploymentPostprocessing = 0;
		};
		999932D91CB35EC400D261DD /* Frameworks */ = {
			isa = PBXFrameworksBuildPhase;
			buildActionMask = 2147483647;
			files = (
			);
			runOnlyForDeploymentPostprocessing = 0;
		};
		999932E41CB35EC400D261DD /* Frameworks */ = {
			isa = PBXFrameworksBuildPhase;
			buildActionMask = 2147483647;
			files = (
			);
			runOnlyForDeploymentPostprocessing = 0;
		};
/* End PBXFrameworksBuildPhase section */

/* Begin PBXGroup section */
		999932BA1CB35EC400D261DD = {
			isa = PBXGroup;
			children = (
				999932C51CB35EC400D261DD /* ActionSheet */,
				999932DF1CB35EC400D261DD /* ActionSheetTests */,
				999932EA1CB35EC400D261DD /* ActionSheetUITests */,
				999932C41CB35EC400D261DD /* Products */,
			);
			sourceTree = "<group>";
		};
		999932C41CB35EC400D261DD /* Products */ = {
			isa = PBXGroup;
			children = (
				999932C31CB35EC400D261DD /* ActionSheet.app */,
				999932DC1CB35EC400D261DD /* ActionSheetTests.xctest */,
				999932E71CB35EC400D261DD /* ActionSheetUITests.xctest */,
			);
			name = Products;
			sourceTree = "<group>";
		};
		999932C51CB35EC400D261DD /* ActionSheet */ = {
			isa = PBXGroup;
			children = (
				999932C91CB35EC400D261DD /* AppDelegate.h */,
				999932CA1CB35EC400D261DD /* AppDelegate.m */,
				999932CC1CB35EC400D261DD /* ViewController.h */,
				999932CD1CB35EC400D261DD /* ViewController.m */,
				999932CF1CB35EC400D261DD /* Main.storyboard */,
				999932D21CB35EC400D261DD /* Assets.xcassets */,
				999932D41CB35EC400D261DD /* LaunchScreen.storyboard */,
				999932D71CB35EC400D261DD /* Info.plist */,
				999932C61CB35EC400D261DD /* Supporting Files */,
			);
			path = ActionSheet;
			sourceTree = "<group>";
		};
		999932C61CB35EC400D261DD /* Supporting Files */ = {
			isa = PBXGroup;
			children = (
				999932C71CB35EC400D261DD /* main.m */,
			);
			name = "Supporting Files";
			sourceTree = "<group>";
		};
		999932DF1CB35EC400D261DD /* ActionSheetTests */ = {
			isa = PBXGroup;
			children = (
				999932E01CB35EC400D261DD /* ActionSheetTests.m */,
				999932E21CB35EC400D261DD /* Info.plist */,
			);
			path = ActionSheetTests;
			sourceTree = "<group>";
		};
		999932EA1CB35EC400D261DD /* ActionSheetUITests */ = {
			isa = PBXGroup;
			children = (
				999932EB1CB35EC400D261DD /* ActionSheetUITests.m */,
				999932ED1CB35EC400D261DD /* Info.plist */,
			);
			path = ActionSheetUITests;
			sourceTree = "<group>";
		};
/* End PBXGroup section */

/* Begin PBXNativeTarget section */
		999932C21CB35EC400D261DD /* ActionSheet */ = {
			isa = PBXNativeTarget;
			buildConfigurationList = 999932F01CB35EC400D261DD /* Build configuration list for PBXNativeTarget "ActionSheet" */;
			buildPhases = (
				999932BF1CB35EC400D261DD /* Sources */,
				999932C01CB35EC400D261DD /* Frameworks */,
				999932C11CB35EC400D261DD /* Resources */,
			);
			buildRules = (
			);
			dependencies = (
			);
			name = ActionSheet;
			productName = ActionSheet;
			productReference = 999932C31CB35EC400D261DD /* ActionSheet.app */;
			productType = "com.apple.product-type.application";
		};
		999932DB1CB35EC400D261DD /* ActionSheetTests */ = {
			isa = PBXNativeTarget;
			buildConfigurationList = 999932F31CB35EC400D261DD /* Build configuration list for PBXNativeTarget "ActionSheetTests" */;
			buildPhases = (
				999932D81CB35EC400D261DD /* Sources */,
				999932D91CB35EC400D261DD /* Frameworks */,
				999932DA1CB35EC400D261DD /* Resources */,
			);
			buildRules = (
			);
			dependencies = (
				999932DE1CB35EC400D261DD /* PBXTargetDependency */,
			);
			name = ActionSheetTests;
			productName = ActionSheetTests;
			productReference = 999932DC1CB35EC400D261DD /* ActionSheetTests.xctest */;
			productType = "com.apple.product-type.bundle.unit-test";
		};
		999932E61CB35EC400D261DD /* ActionSheetUITests */ = {
			isa = PBXNativeTarget;
			buildConfigurationList = 999932F61CB35EC400D261DD /* Build configuration list for PBXNativeTarget "ActionSheetUITests" */;
			buildPhases = (
				999932E31CB35EC400D261DD /* Sources */,
				999932E41CB35EC400D261DD /* Frameworks */,
				999932E51CB35EC400D261DD /* Resources */,
			);
			buildRules = (
			);
			dependencies = (
				999932E91CB35EC400D261DD /* PBXTargetDependency */,
			);
			name = ActionSheetUITests;
			productName = ActionSheetUITests;
			productReference = 999932E71CB35EC400D261DD /* ActionSheetUITests.xctest */;
			productType = "com.apple.product-type.bundle.ui-testing";
		};
/* End PBXNativeTarget section */

/* Begin PBXProject section */
		999932BB1CB35EC400D261DD /* Project object */ = {
			isa = PBXProject;
			attributes = {
				LastUpgradeCheck = 0720;
				ORGANIZATIONNAME = Mr.Vu;
				TargetAttributes = {
					999932C21CB35EC400D261DD = {
						CreatedOnToolsVersion = 7.2;
					};
					999932DB1CB35EC400D261DD = {
						CreatedOnToolsVersion = 7.2;
						TestTargetID = 999932C21CB35EC400D261DD;
					};
					999932E61CB35EC400D261DD = {
						CreatedOnToolsVersion = 7.2;
						TestTargetID = 999932C21CB35EC400D261DD;
					};
				};
			};
			buildConfigurationList = 999932BE1CB35EC400D261DD /* Build configuration list for PBXProject "ActionSheet" */;
			compatibilityVersion = "Xcode 3.2";
			developmentRegion = English;
			hasScannedForEncodings = 0;
			knownRegions = (
				en,
				Base,
			);
			mainGroup = 999932BA1CB35EC400D261DD;
			productRefGroup = 999932C41CB35EC400D261DD /* Products */;
			projectDirPath = "";
			projectRoot = "";
			targets = (
				999932C21CB35EC400D261DD /* ActionSheet */,
				999932DB1CB35EC400D261DD /* ActionSheetTests */,
				999932E61CB35EC400D261DD /* ActionSheetUITests */,
			);
		};
/* End PBXProject section */

/* Begin PBXResourcesBuildPhase section */
		999932C11CB35EC400D261DD /* Resources */ = {
			isa = PBXResourcesBuildPhase;
			buildActionMask = 2147483647;
			files = (
				999932D61CB35EC400D261DD /* LaunchScreen.storyboard in Resources */,
				999932D31CB35EC400D261DD /* Assets.xcassets in Resources */,
				999932D11CB35EC400D261DD /* Main.storyboard in Resources */,
			);
			runOnlyForDeploymentPostprocessing = 0;
		};
		999932DA1CB35EC400D261DD /* Resources */ = {
			isa = PBXResourcesBuildPhase;
			buildActionMask = 2147483647;
			files = (
			);
			runOnlyForDeploymentPostprocessing = 0;
		};
		999932E51CB35EC400D261DD /* Resources */ = {
			isa = PBXResourcesBuildPhase;
			buildActionMask = 2147483647;
			files = (
			);
			runOnlyForDeploymentPostprocessing = 0;
		};
/* End PBXResourcesBuildPhase section */

/* Begin PBXSourcesBuildPhase section */
		999932BF1CB35EC400D261DD /* Sources */ = {
			isa = PBXSourcesBuildPhase;
			buildActionMask = 2147483647;
			files = (
				999932CE1CB35EC400D261DD /* ViewController.m in Sources */,
				999932CB1CB35EC400D261DD /* AppDelegate.m in Sources */,
				999932C81CB35EC400D261DD /* main.m in Sources */,
			);
			runOnlyForDeploymentPostprocessing = 0;
		};
		999932D81CB35EC400D261DD /* Sources */ = {
			isa = PBXSourcesBuildPhase;
			buildActionMask = 2147483647;
			files = (
				999932E11CB35EC400D261DD /* ActionSheetTests.m in Sources */,
			);
			runOnlyForDeploymentPostprocessing = 0;
		};
		999932E31CB35EC400D261DD /* Sources */ = {
			isa = PBXSourcesBuildPhase;
			buildActionMask = 2147483647;
			files = (
				999932EC1CB35EC400D261DD /* ActionSheetUITests.m in Sources */,
			);
			runOnlyForDeploymentPostprocessing = 0;
		};
/* End PBXSourcesBuildPhase section */

/* Begin PBXTargetDependency section */
		999932DE1CB35EC400D261DD /* PBXTargetDependency */ = {
			isa = PBXTargetDependency;
			target = 999932C21CB35EC400D261DD /* ActionSheet */;
			targetProxy = 999932DD1CB35EC400D261DD /* PBXContainerItemProxy */;
		};
		999932E91CB35EC400D261DD /* PBXTargetDependency */ = {
			isa = PBXTargetDependency;
			target = 999932C21CB35EC400D261DD /* ActionSheet */;
			targetProxy = 999932E81CB35EC400D261DD /* PBXContainerItemProxy */;
		};
/* End PBXTargetDependency section */

/* Begin PBXVariantGroup section */
		999932CF1CB35EC400D261DD /* Main.storyboard */ = {
			isa = PBXVariantGroup;
			children = (
				999932D01CB35EC400D261DD /* Base */,
			);
			name = Main.storyboard;
			sourceTree = "<group>";
		};
		999932D41CB35EC400D261DD /* LaunchScreen.storyboard */ = {
			isa = PBXVariantGroup;
			children = (
				999932D51CB35EC400D261DD /* Base */,
			);
			name = LaunchScreen.storyboard;
			sourceTree = "<group>";
		};
/* End PBXVariantGroup section */

/* Begin XCBuildConfiguration section */
		999932EE1CB35EC400D261DD /* Debug */ = {
			isa = XCBuildConfiguration;
			buildSettings = {
				ALWAYS_SEARCH_USER_PATHS = NO;
				CLANG_CXX_LANGUAGE_STANDARD = "gnu++0x";
				CLANG_CXX_LIBRARY = "libc++";
				CLANG_ENABLE_MODULES = YES;
				CLANG_ENABLE_OBJC_ARC = YES;
				CLANG_WARN_BOOL_CONVERSION = YES;
				CLANG_WARN_CONSTANT_CONVERSION = YES;
				CLANG_WARN_DIRECT_OBJC_ISA_USAGE = YES_ERROR;
				CLANG_WARN_EMPTY_BODY = YES;
				CLANG_WARN_ENUM_CONVERSION = YES;
				CLANG_WARN_INT_CONVERSION = YES;
				CLANG_WARN_OBJC_ROOT_CLASS = YES_ERROR;
				CLANG_WARN_UNREACHABLE_CODE = YES;
				CLANG_WARN__DUPLICATE_METHOD_MATCH = YES;
				"CODE_SIGN_IDENTITY[sdk=iphoneos*]" = "iPhone Developer";
				COPY_PHASE_STRIP = NO;
				DEBUG_INFORMATION_FORMAT = dwarf;
				ENABLE_STRICT_OBJC_MSGSEND = YES;
				ENABLE_TESTABILITY = YES;
				GCC_C_LANGUAGE_STANDARD = gnu99;
				GCC_DYNAMIC_NO_PIC = NO;
				GCC_NO_COMMON_BLOCKS = YES;
				GCC_OPTIMIZATION_LEVEL = 0;
				GCC_PREPROCESSOR_DEFINITIONS = (
					"DEBUG=1",
					"$(inherited)",
				);
				GCC_WARN_64_TO_32_BIT_CONVERSION = YES;
				GCC_WARN_ABOUT_RETURN_TYPE = YES_ERROR;
				GCC_WARN_UNDECLARED_SELECTOR = YES;
				GCC_WARN_UNINITIALIZED_AUTOS = YES_AGGRESSIVE;
				GCC_WARN_UNUSED_FUNCTION = YES;
				GCC_WARN_UNUSED_VARIABLE = YES;
				IPHONEOS_DEPLOYMENT_TARGET = 9.2;
				MTL_ENABLE_DEBUG_INFO = YES;
				ONLY_ACTIVE_ARCH = YES;
				SDKROOT = iphoneos;
				TARGETED_DEVICE_FAMILY = "1,2";
			};
			name = Debug;
		};
		999932EF1CB35EC400D261DD /* Release */ = {
			isa = XCBuildConfiguration;
			buildSettings = {
				ALWAYS_SEARCH_USER_PATHS = NO;
				CLANG_CXX_LANGUAGE_STANDARD = "gnu++0x";
				CLANG_CXX_LIBRARY = "libc++";
				CLANG_ENABLE_MODULES = YES;
				CLANG_ENABLE_OBJC_ARC = YES;
				CLANG_WARN_BOOL_CONVERSION = YES;
				CLANG_WARN_CONSTANT_CONVERSION = YES;
				CLANG_WARN_DIRECT_OBJC_ISA_USAGE = YES_ERROR;
				CLANG_WARN_EMPTY_BODY = YES;
				CLANG_WARN_ENUM_CONVERSION = YES;
				CLANG_WARN_INT_CONVERSION = YES;
				CLANG_WARN_OBJC_ROOT_CLASS = YES_ERROR;
				CLANG_WARN_UNREACHABLE_CODE = YES;
				CLANG_WARN__DUPLICATE_METHOD_MATCH = YES;
				"CODE_SIGN_IDENTITY[sdk=iphoneos*]" = "iPhone Developer";
				COPY_PHASE_STRIP = NO;
				DEBUG_INFORMATION_FORMAT = "dwarf-with-dsym";
				ENABLE_NS_ASSERTIONS = NO;
				ENABLE_STRICT_OBJC_MSGSEND = YES;
				GCC_C_LANGUAGE_STANDARD = gnu99;
				GCC_NO_COMMON_BLOCKS = YES;
				GCC_WARN_64_TO_32_BIT_CONVERSION = YES;
				GCC_WARN_ABOUT_RETURN_TYPE = YES_ERROR;
				GCC_WARN_UNDECLARED_SELECTOR = YES;
				GCC_WARN_UNINITIALIZED_AUTOS = YES_AGGRESSIVE;
				GCC_WARN_UNUSED_FUNCTION = YES;
				GCC_WARN_UNUSED_VARIABLE = YES;
				IPHONEOS_DEPLOYMENT_TARGET = 9.2;
				MTL_ENABLE_DEBUG_INFO = NO;
				SDKROOT = iphoneos;
				TARGETED_DEVICE_FAMILY = "1,2";
				VALIDATE_PRODUCT = YES;
			};
			name = Release;
		};
		999932F11CB35EC400D261DD /* Debug */ = {
			isa = XCBuildConfiguration;
			buildSettings = {
				ASSETCATALOG_COMPILER_APPICON_NAME = AppIcon;
				INFOPLIST_FILE = ActionSheet/Info.plist;
				LD_RUNPATH_SEARCH_PATHS = "$(inherited) @executable_path/Frameworks";
				PRODUCT_BUNDLE_IDENTIFIER = Vu.ActionSheet;
				PRODUCT_NAME = "$(TARGET_NAME)";
			};
			name = Debug;
		};
		999932F21CB35EC400D261DD /* Release */ = {
			isa = XCBuildConfiguration;
			buildSettings = {
				ASSETCATALOG_COMPILER_APPICON_NAME = AppIcon;
				INFOPLIST_FILE = ActionSheet/Info.plist;
				LD_RUNPATH_SEARCH_PATHS = "$(inherited) @executable_path/Frameworks";
				PRODUCT_BUNDLE_IDENTIFIER = Vu.ActionSheet;
				PRODUCT_NAME = "$(TARGET_NAME)";
			};
			name = Release;
		};
		999932F41CB35EC400D261DD /* Debug */ = {
			isa = XCBuildConfiguration;
			buildSettings = {
				BUNDLE_LOADER = "$(TEST_HOST)";
				INFOPLIST_FILE = ActionSheetTests/Info.plist;
				LD_RUNPATH_SEARCH_PATHS = "$(inherited) @executable_path/Frameworks @loader_path/Frameworks";
				PRODUCT_BUNDLE_IDENTIFIER = Vu.ActionSheetTests;
				PRODUCT_NAME = "$(TARGET_NAME)";
				TEST_HOST = "$(BUILT_PRODUCTS_DIR)/ActionSheet.app/ActionSheet";
			};
			name = Debug;
		};
		999932F51CB35EC400D261DD /* Release */ = {
			isa = XCBuildConfiguration;
			buildSettings = {
				BUNDLE_LOADER = "$(TEST_HOST)";
				INFOPLIST_FILE = ActionSheetTests/Info.plist;
				LD_RUNPATH_SEARCH_PATHS = "$(inherited) @executable_path/Frameworks @loader_path/Frameworks";
				PRODUCT_BUNDLE_IDENTIFIER = Vu.ActionSheetTests;
				PRODUCT_NAME = "$(TARGET_NAME)";
				TEST_HOST = "$(BUILT_PRODUCTS_DIR)/ActionSheet.app/ActionSheet";
			};
			name = Release;
		};
		999932F71CB35EC400D261DD /* Debug */ = {
			isa = XCBuildConfiguration;
			buildSettings = {
				INFOPLIST_FILE = ActionSheetUITests/Info.plist;
				LD_RUNPATH_SEARCH_PATHS = "$(inherited) @executable_path/Frameworks @loader_path/Frameworks";
				PRODUCT_BUNDLE_IDENTIFIER = Vu.ActionSheetUITests;
				PRODUCT_NAME = "$(TARGET_NAME)";
				TEST_TARGET_NAME = ActionSheet;
				USES_XCTRUNNER = YES;
			};
			name = Debug;
		};
		999932F81CB35EC400D261DD /* Release */ = {
			isa = XCBuildConfiguration;
			buildSettings = {
				INFOPLIST_FILE = ActionSheetUITests/Info.plist;
				LD_RUNPATH_SEARCH_PATHS = "$(inherited) @executable_path/Frameworks @loader_path/Frameworks";
				PRODUCT_BUNDLE_IDENTIFIER = Vu.ActionSheetUITests;
				PRODUCT_NAME = "$(TARGET_NAME)";
				TEST_TARGET_NAME = ActionSheet;
				USES_XCTRUNNER = YES;
			};
			name = Release;
		};
/* End XCBuildConfiguration section */

/* Begin XCConfigurationList section */
		999932BE1CB35EC400D261DD /* Build configuration list for PBXProject "ActionSheet" */ = {
			isa = XCConfigurationList;
			buildConfigurations = (
				999932EE1CB35EC400D261DD /* Debug */,
				999932EF1CB35EC400D261DD /* Release */,
			);
			defaultConfigurationIsVisible = 0;
			defaultConfigurationName = Release;
		};
		999932F01CB35EC400D261DD /* Build configuration list for PBXNativeTarget "ActionSheet" */ = {
			isa = XCConfigurationList;
			buildConfigurations = (
				999932F11CB35EC400D261DD /* Debug */,
				999932F21CB35EC400D261DD /* Release */,
			);
			defaultConfigurationIsVisible = 0;
		};
		999932F31CB35EC400D261DD /* Build configuration list for PBXNativeTarget "ActionSheetTests" */ = {
			isa = XCConfigurationList;
			buildConfigurations = (
				999932F41CB35EC400D261DD /* Debug */,
				999932F51CB35EC400D261DD /* Release */,
			);
			defaultConfigurationIsVisible = 0;
		};
		999932F61CB35EC400D261DD /* Build configuration list for PBXNativeTarget "ActionSheetUITests" */ = {
			isa = XCConfigurationList;
			buildConfigurations = (
				999932F71CB35EC400D261DD /* Debug */,
				999932F81CB35EC400D261DD /* Release */,
			);
			defaultConfigurationIsVisible = 0;
		};
/* End XCConfigurationList section */
	};
	rootObject = 999932BB1CB35EC400D261DD /* Project object */;
}
